// !$*UTF8*$!
{
	archiveVersion = 1;
	classes = {
	};
	objectVersion = 77;
	objects = {

/* Begin PBXBuildFile section */
		791C96052F8726B0006AF674 /* Runestone in Frameworks */ = {isa = PBXBuildFile; productRef = 791C96042F8726B0006AF674 /* Runestone */; };
		793A4E3B2F84FE1D003B609A /* Runestone in Frameworks */ = {isa = PBXBuildFile; productRef = 793A4E3A2F84FE1D003B609A /* Runestone */; };
		793A7E502EB5996A0044418E /* SwiftTerm in Frameworks */ = {isa = PBXBuildFile; productRef = 793A7E4F2EB5996A0044418E /* SwiftTerm */; };
		793FCD242E6730740011B3F5 /* libarchive.tbd in Frameworks */ = {isa = PBXBuildFile; fileRef = 79BF9A8E2E62BA7D00C60D4C /* libarchive.tbd */; };
		795227872F45B52000D1C3CC /* LiveProcess.appex in Embed Foundation Extensions */ = {isa = PBXBuildFile; fileRef = 79BF97F72E6291EE00C60D4C /* LiveProcess.appex */; settings = {ATTRIBUTES = (RemoveHeadersOnCopy, ); }; };
		79AA11C72F7FFF46002FEAF2 /* libarchive.tbd in Frameworks */ = {isa = PBXBuildFile; fileRef = 79AA11C32F7FFEE4002FEAF2 /* libarchive.tbd */; };
		79AF51182F1CBD110055004A /* Runestone in Frameworks */ = {isa = PBXBuildFile; productRef = 79AF51102F1CBD110055004A /* Runestone */; settings = {ATTRIBUTES = (Required, ); }; };
		79AF511A2F1CBD110055004A /* TreeSitterObjc in Frameworks */ = {isa = PBXBuildFile; productRef = 79AF510C2F1CBD110055004A /* TreeSitterObjc */; };
		79AF511B2F1CBD110055004A /* libarchive.tbd in Frameworks */ = {isa = PBXBuildFile; fileRef = 79BF9A8E2E62BA7D00C60D4C /* libarchive.tbd */; };
		79AF511C2F1CBD110055004A /* TreeSitterC in Frameworks */ = {isa = PBXBuildFile; productRef = 79AF510E2F1CBD110055004A /* TreeSitterC */; };
		79AF511D2F1CBD110055004A /* TreeSitterXML in Frameworks */ = {isa = PBXBuildFile; productRef = 79AF51122F1CBD110055004A /* TreeSitterXML */; };
		79AF511E2F1CBD110055004A /* SwiftTerm in Frameworks */ = {isa = PBXBuildFile; productRef = 79AF51142F1CBD110055004A /* SwiftTerm */; };
		79AF51222F1CBD110055004A /* Shared in Resources */ = {isa = PBXBuildFile; fileRef = AF99171F2DC8EA3C00DDF895 /* Shared */; };
		79B708BC2F73157F000F38E7 /* TreeSitterCPP in Frameworks */ = {isa = PBXBuildFile; productRef = 79B708BB2F73157F000F38E7 /* TreeSitterCPP */; };
		79B708BE2F731590000F38E7 /* TreeSitterCPP in Frameworks */ = {isa = PBXBuildFile; productRef = 79B708BD2F731590000F38E7 /* TreeSitterCPP */; };
		79B70C1C2F73223A000F38E7 /* Runestone in Frameworks */ = {isa = PBXBuildFile; productRef = 79B70C1B2F73223A000F38E7 /* Runestone */; };
		79B70C1F2F732364000F38E7 /* Runestone in Frameworks */ = {isa = PBXBuildFile; productRef = 79B70C1E2F732364000F38E7 /* Runestone */; };
		79BF9A8F2E62BA8700C60D4C /* libarchive.tbd in Frameworks */ = {isa = PBXBuildFile; fileRef = 79BF9A8E2E62BA7D00C60D4C /* libarchive.tbd */; };
		79D1DA672F92A6CE0020518A /* TreeSitterSwift in Frameworks */ = {isa = PBXBuildFile; productRef = 79D1DA662F92A6CE0020518A /* TreeSitterSwift */; };
		860D917D2FAE1F95000D321B /* MobileDevelopmentKit.framework in Frameworks */ = {isa = PBXBuildFile; fileRef = 860D91752FAE1F95000D321B /* MobileDevelopmentKit.framework */; };
		860D917E2FAE1F95000D321B /* MobileDevelopmentKit.framework in Embed Libraries */ = {isa = PBXBuildFile; fileRef = 860D91752FAE1F95000D321B /* MobileDevelopmentKit.framework */; settings = {ATTRIBUTES = (CodeSignOnCopy, RemoveHeadersOnCopy, ); }; };
		860D91832FAE1F9C000D321B /* CoreCompiler.framework in Frameworks */ = {isa = PBXBuildFile; fileRef = 86DCC25A2FA5209600973169 /* CoreCompiler.framework */; platformFilter = ios; };
		860D91882FAE1FC5000D321B /* MobileDevelopmentKit.framework in Frameworks */ = {isa = PBXBuildFile; fileRef = 860D91752FAE1F95000D321B /* MobileDevelopmentKit.framework */; };
		860D91892FAE1FC5000D321B /* MobileDevelopmentKit.framework in Embed Frameworks */ = {isa = PBXBuildFile; fileRef = 860D91752FAE1F95000D321B /* MobileDevelopmentKit.framework */; settings = {ATTRIBUTES = (CodeSignOnCopy, RemoveHeadersOnCopy, ); }; };
		860D91E02FAE2E4C000D321B /* CoreCompiler.framework in Frameworks */ = {isa = PBXBuildFile; fileRef = 86DCC25A2FA5209600973169 /* CoreCompiler.framework */; };
		860D91E12FAE2E4C000D321B /* CoreCompiler.framework in Embed Libraries */ = {isa = PBXBuildFile; fileRef = 86DCC25A2FA5209600973169 /* CoreCompiler.framework */; settings = {ATTRIBUTES = (CodeSignOnCopy, RemoveHeadersOnCopy, ); }; };
		860D91E42FAE2ED7000D321B /* CoreCompiler.framework in Frameworks */ = {isa = PBXBuildFile; fileRef = 86DCC25A2FA5209600973169 /* CoreCompiler.framework */; };
		860D91E52FAE2ED7000D321B /* CoreCompiler.framework in Embed Frameworks */ = {isa = PBXBuildFile; fileRef = 86DCC25A2FA5209600973169 /* CoreCompiler.framework */; settings = {ATTRIBUTES = (CodeSignOnCopy, RemoveHeadersOnCopy, ); }; };
		8630CBB52FABE19200C6EE6D /* UIOnboarding in Frameworks */ = {isa = PBXBuildFile; productRef = 8630CBB42FABE19200C6EE6D /* UIOnboarding */; };
		8630CBB72FABE19E00C6EE6D /* UIOnboarding in Frameworks */ = {isa = PBXBuildFile; productRef = 8630CBB62FABE19E00C6EE6D /* UIOnboarding */; };
		86DCC30A2FA521A600973169 /* libz.tbd in Frameworks */ = {isa = PBXBuildFile; fileRef = 86DCC3082FA5219900973169 /* libz.tbd */; };
		86E4D4F42FB8CF32008BFE4D /* Runestone in Frameworks */ = {isa = PBXBuildFile; productRef = 86E4D4F32FB8CF32008BFE4D /* Runestone */; };
		86E4D4F72FB8CF63008BFE4D /* TreeSitterSwift in Frameworks */ = {isa = PBXBuildFile; productRef = 86E4D4F62FB8CF63008BFE4D /* TreeSitterSwift */; };
		86E4D4F92FB8CF70008BFE4D /* TreeSitterSwift in Frameworks */ = {isa = PBXBuildFile; productRef = 86E4D4F82FB8CF70008BFE4D /* TreeSitterSwift */; };
		AF9919582DC9175A00DDF895 /* TreeSitterObjc in Frameworks */ = {isa = PBXBuildFile; productRef = AF9919572DC9175A00DDF895 /* TreeSitterObjc */; };
		AF99195B2DC9176900DDF895 /* TreeSitterC in Frameworks */ = {isa = PBXBuildFile; productRef = AF99195A2DC9176900DDF895 /* TreeSitterC */; };
		AFF4D5D92DC9390B00B1B5F9 /* Shared in Resources */ = {isa = PBXBuildFile; fileRef = AF99171F2DC8EA3C00DDF895 /* Shared */; };
		AFF4E3492DCCCE0F00B1B5F9 /* TreeSitterXML in Frameworks */ = {isa = PBXBuildFile; productRef = AFF4E3482DCCCE0F00B1B5F9 /* TreeSitterXML */; };
/* End PBXBuildFile section */

/* Begin PBXContainerItemProxy section */
		795227882F45B52000D1C3CC /* PBXContainerItemProxy */ = {
			isa = PBXContainerItemProxy;
			containerPortal = AF9916D12DC8C42200DDF895 /* Project object */;
			proxyType = 1;
			remoteGlobalIDString = 79BF97F62E6291EE00C60D4C;
			remoteInfo = LiveProcess;
		};
		860D917B2FAE1F95000D321B /* PBXContainerItemProxy */ = {
			isa = PBXContainerItemProxy;
			containerPortal = AF9916D12DC8C42200DDF895 /* Project object */;
			proxyType = 1;
			remoteGlobalIDString = 860D91742FAE1F95000D321B;
			remoteInfo = MobileDevelopmentKit;
		};
		860D91852FAE1F9C000D321B /* PBXContainerItemProxy */ = {
			isa = PBXContainerItemProxy;
			containerPortal = AF9916D12DC8C42200DDF895 /* Project object */;
			proxyType = 1;
			remoteGlobalIDString = 86DCC2592FA5209600973169;
			remoteInfo = CoreCompiler;
		};
		860D918A2FAE1FC5000D321B /* PBXContainerItemProxy */ = {
			isa = PBXContainerItemProxy;
			containerPortal = AF9916D12DC8C42200DDF895 /* Project object */;
			proxyType = 1;
			remoteGlobalIDString = 860D91742FAE1F95000D321B;
			remoteInfo = MobileDevelopmentKit;
		};
		860D91E22FAE2E4C000D321B /* PBXContainerItemProxy */ = {
			isa = PBXContainerItemProxy;
			containerPortal = AF9916D12DC8C42200DDF895 /* Project object */;
			proxyType = 1;
			remoteGlobalIDString = 86DCC2592FA5209600973169;
			remoteInfo = CoreCompiler;
		};
		860D91E62FAE2ED7000D321B /* PBXContainerItemProxy */ = {
			isa = PBXContainerItemProxy;
			containerPortal = AF9916D12DC8C42200DDF895 /* Project object */;
			proxyType = 1;
			remoteGlobalIDString = 86DCC2592FA5209600973169;
			remoteInfo = CoreCompiler;
		};
/* End PBXContainerItemProxy section */

/* Begin PBXCopyFilesBuildPhase section */
		7952278A2F45B52000D1C3CC /* Embed Foundation Extensions */ = {
			isa = PBXCopyFilesBuildPhase;
			buildActionMask = 2147483647;
			dstPath = "";
			dstSubfolderSpec = 13;
			files = (
				795227872F45B52000D1C3CC /* LiveProcess.appex in Embed Foundation Extensions */,
			);
			name = "Embed Foundation Extensions";
			runOnlyForDeploymentPostprocessing = 0;
		};
		79AA11BA2F7FFE24002FEAF2 /* CopyFiles */ = {
			isa = PBXCopyFilesBuildPhase;
			buildActionMask = 2147483647;
			dstPath = /usr/share/man/man1/;
			dstSubfolderSpec = 0;
			files = (
			);
			runOnlyForDeploymentPostprocessing = 1;
		};
		79FDA8862F3F257900692496 /* Embed Frameworks */ = {
			isa = PBXCopyFilesBuildPhase;
			buildActionMask = 2147483647;
			dstPath = "";
			dstSubfolderSpec = 10;
			files = (
				860D91892FAE1FC5000D321B /* MobileDevelopmentKit.framework in Embed Frameworks */,
				860D91E52FAE2ED7000D321B /* CoreCompiler.framework in Embed Frameworks */,
			);
			name = "Embed Frameworks";
			runOnlyForDeploymentPostprocessing = 0;
		};
		86DCC2922FA520EE00973169 /* Embed Libraries */ = {
			isa = PBXCopyFilesBuildPhase;
			buildActionMask = 2147483647;
			dstPath = "";
			dstSubfolderSpec = 10;
			files = (
			);
			name = "Embed Libraries";
			runOnlyForDeploymentPostprocessing = 0;
		};
		AFF4DB332DCA57EC00B1B5F9 /* Embed Libraries */ = {
			isa = PBXCopyFilesBuildPhase;
			buildActionMask = 2147483647;
			dstPath = "";
			dstSubfolderSpec = 10;
			files = (
				860D917E2FAE1F95000D321B /* MobileDevelopmentKit.framework in Embed Libraries */,
				860D91E12FAE2E4C000D321B /* CoreCompiler.framework in Embed Libraries */,
			);
			name = "Embed Libraries";
			runOnlyForDeploymentPostprocessing = 0;
		};
/* End PBXCopyFilesBuildPhase section */

/* Begin PBXFileReference section */
		79277DC02EE8752800F18B30 /* Config.xcconfig */ = {isa = PBXFileReference; lastKnownFileType = text.xcconfig; path = Config.xcconfig; sourceTree = "<group>"; };
		79277DC62EE8761000F18B30 /* version.sh */ = {isa = PBXFileReference; lastKnownFileType = text.script.sh; path = version.sh; sourceTree = "<group>"; };
		79281CBF2E3A44CA00E983C9 /* UniformTypeIdentifiers.framework */ = {isa = PBXFileReference; lastKnownFileType = wrapper.framework; name = UniformTypeIdentifiers.framework; path = System/Library/Frameworks/UniformTypeIdentifiers.framework; sourceTree = SDKROOT; };
		7944B5652DEC74EA00834134 /* emexDE.app */ = {isa = PBXFileReference; explicitFileType = wrapper.application; includeInIndex = 0; path = emexDE.app; sourceTree = BUILT_PRODUCTS_DIR; };
		7944B5672DEC74FC00834134 /* MobileCoreServices.framework */ = {isa = PBXFileReference; lastKnownFileType = wrapper.framework; name = MobileCoreServices.framework; path = System/Library/Frameworks/MobileCoreServices.framework; sourceTree = SDKROOT; };
		79AA11BC2F7FFE24002FEAF2 /* nxtool */ = {isa = PBXFileReference; explicitFileType = "compiled.mach-o.executable"; includeInIndex = 0; path = nxtool; sourceTree = BUILT_PRODUCTS_DIR; };
		79AA11C32F7FFEE4002FEAF2 /* libarchive.tbd */ = {isa = PBXFileReference; lastKnownFileType = "sourcecode.text-based-dylib-definition"; name = libarchive.tbd; path = Platforms/MacOSX.platform/Developer/SDKs/MacOSX26.0.sdk/usr/lib/libarchive.tbd; sourceTree = DEVELOPER_DIR; };
		79AA11C42F7FFEFF002FEAF2 /* libarchive.tbd */ = {isa = PBXFileReference; lastKnownFileType = "sourcecode.text-based-dylib-definition"; name = libarchive.tbd; path = Platforms/iPhoneOS.platform/Developer/SDKs/iPhoneOS.sdk/usr/lib/libarchive.tbd; sourceTree = DEVELOPER_DIR; };
		79BF97F72E6291EE00C60D4C /* LiveProcess.appex */ = {isa = PBXFileReference; explicitFileType = "wrapper.app-extension"; includeInIndex = 0; path = LiveProcess.appex; sourceTree = BUILT_PRODUCTS_DIR; };
		79BF9A8E2E62BA7D00C60D4C /* libarchive.tbd */ = {isa = PBXFileReference; lastKnownFileType = "sourcecode.text-based-dylib-definition"; name = libarchive.tbd; path = usr/lib/libarchive.tbd; sourceTree = SDKROOT; };
		860D91752FAE1F95000D321B /* MobileDevelopmentKit.framework */ = {isa = PBXFileReference; explicitFileType = wrapper.framework; includeInIndex = 0; path = MobileDevelopmentKit.framework; sourceTree = BUILT_PRODUCTS_DIR; };
		86DCC25A2FA5209600973169 /* CoreCompiler.framework */ = {isa = PBXFileReference; explicitFileType = wrapper.framework; includeInIndex = 0; path = CoreCompiler.framework; sourceTree = BUILT_PRODUCTS_DIR; };
		86DCC3082FA5219900973169 /* libz.tbd */ = {isa = PBXFileReference; lastKnownFileType = "sourcecode.text-based-dylib-definition"; name = libz.tbd; path = usr/lib/libz.tbd; sourceTree = SDKROOT; };
		86DCC3092FA521A100973169 /* libz.1.tbd */ = {isa = PBXFileReference; lastKnownFileType = "sourcecode.text-based-dylib-definition"; name = libz.1.tbd; path = usr/lib/libz.1.tbd; sourceTree = SDKROOT; };
		AF99171F2DC8EA3C00DDF895 /* Shared */ = {isa = PBXFileReference; lastKnownFileType = folder; path = Shared; sourceTree = "<group>"; };
/* End PBXFileReference section */

/* Begin PBXFileSystemSynchronizedBuildFileExceptionSet section */
		798BBD332F1D265200CBB23F /* Exceptions for "Nyxian" folder in "emexDE" target */ = {
			isa = PBXFileSystemSynchronizedBuildFileExceptionSet;
			membershipExceptions = (
				LindChain/JBSupport/Shell.m,
				LindChain/JBSupport/tshelper,
				LindChain/LiveContainer/LCBootstrap.m,
				LindChain/LiveContainer/Tweaks/Dead10ccFix.m,
				LindChain/LiveContainer/Tweaks/Dyld.m,
				"LindChain/LiveContainer/Tweaks/NSFileManager+GuestHooks.m",
				LindChain/LiveContainer/Tweaks/NSUserDefaults.m,
				LindChain/LiveContainer/Tweaks/SecItem.m,
				"LindChain/LiveContainer/Tweaks/UIKit+GuestHooksInit.m",
				LindChain/ProcEnvironment/application.m,
				LindChain/ProcEnvironment/cred.c,
				LindChain/ProcEnvironment/ioctl.c,
				LindChain/ProcEnvironment/libproc.m,
				LindChain/ProcEnvironment/posix_spawn.m,
				LindChain/ProcEnvironment/proxy.m,
				LindChain/ProcEnvironment/syscall.c,
				LindChain/ProcEnvironment/sysctl.c,
				LindChain/ProcEnvironment/tfp.c,
				LindChain/ProcEnvironment/vfork.c,
			);
			target = AF9916D82DC8C42200DDF895 /* emexDE */;
		};
		79AA11C62F7FFF12002FEAF2 /* Exceptions for "Nyxian" folder in "nxtool" target */ = {
			isa = PBXFileSystemSynchronizedBuildFileExceptionSet;
			membershipExceptions = (
				LindChain/Utils/Zip.m,
			);
			target = 79AA11BB2F7FFE24002FEAF2 /* nxtool */;
		};
		79BF983D2E62930600C60D4C /* Exceptions for "LiveProcess" folder in "LiveProcess" target */ = {
			isa = PBXFileSystemSynchronizedBuildFileExceptionSet;
			membershipExceptions = (
				LindChain/ServiceKit/Service.m,
				LindChain/Services/applicationmgmtd/LDEApplicationObject.m,
				LindChain/Services/applicationmgmtd/LDEApplicationWorkspaceInternal.m,
				LindChain/Services/containerd/PEContainerService.m,
				main.m,
				ResecureDecoder.m,
			);
			target = 79BF97F62E6291EE00C60D4C /* LiveProcess */;
		};
		79BF98402E62931E00C60D4C /* Exceptions for "LiveProcess" folder in "emexDE" target */ = {
			isa = PBXFileSystemSynchronizedBuildFileExceptionSet;
			membershipExceptions = (
				LindChain/Services/applicationmgmtd/LDEApplicationObject.m,
				LindChain/Services/applicationmgmtd/LDEApplicationWorkspace.m,
				LindChain/Services/containerd/PEContainer.m,
			);
			target = AF9916D82DC8C42200DDF895 /* emexDE */;
		};
		79BF9A972E62BB6900C60D4C /* Exceptions for "Nyxian" folder in "LiveProcess" target */ = {
			isa = PBXFileSystemSynchronizedBuildFileExceptionSet;
			membershipExceptions = (
				LindChain/Debugger/Utils.c,
				LindChain/litehook/litehook.c,
				LindChain/LiveContainer/LCBootstrap.m,
				LindChain/LiveContainer/LCMachOUtils.m,
				LindChain/LiveContainer/Tweaks/Dead10ccFix.m,
				LindChain/LiveContainer/Tweaks/Dyld.m,
				"LindChain/LiveContainer/Tweaks/NSFileManager+GuestHooks.m",
				LindChain/LiveContainer/Tweaks/NSUserDefaults.m,
				LindChain/LiveContainer/Tweaks/SecItem.m,
				"LindChain/LiveContainer/Tweaks/UIKit+GuestHooksInit.m",
				LindChain/LiveContainer/utils.m,
				LindChain/LiveContainer/ZSign/Utils.mm,
				LindChain/Private/mach/fileport.m,
				LindChain/ProcEnvironment/application.m,
				LindChain/ProcEnvironment/attrstrnilfix.m,
				LindChain/ProcEnvironment/cred.c,
				LindChain/ProcEnvironment/environment.m,
				LindChain/ProcEnvironment/ioctl.c,
				LindChain/ProcEnvironment/libproc.m,
				LindChain/ProcEnvironment/Object/ArchiveObject.m,
				LindChain/ProcEnvironment/Object/FDMapObject.m,
				LindChain/ProcEnvironment/Object/FDObject.m,
				LindChain/ProcEnvironment/Object/PEMachPort.m,
				LindChain/ProcEnvironment/Object/PEObject.m,
				LindChain/ProcEnvironment/panic.m,
				LindChain/ProcEnvironment/posix_spawn.m,
				LindChain/ProcEnvironment/proxy.m,
				LindChain/ProcEnvironment/Surface/extra/relax.c,
				LindChain/ProcEnvironment/syscall.c,
				LindChain/ProcEnvironment/Syscall/mach_syscall_client.c,
				LindChain/ProcEnvironment/sysctl.c,
				LindChain/ProcEnvironment/tfp.c,
				LindChain/ProcEnvironment/Utils/fd.c,
				LindChain/ProcEnvironment/Utils/ktfp.c,
				LindChain/ProcEnvironment/vfork.c,
				LindChain/Utils/CFTools.c,
				LindChain/Utils/Swizzle.m,
				LindChain/Utils/Zip.m,
			);
			target = 79BF97F62E6291EE00C60D4C /* LiveProcess */;
		};
		860D91822FAE1F95000D321B /* Exceptions for "MobileDevelopmentKit" folder in "MobileDevelopmentKit" target */ = {
			isa = PBXFileSystemSynchronizedBuildFileExceptionSet;
			privateHeaders = (
				Support/MDKThreadPoolPrivate.h,
			);
			publicHeaders = (
				MobileDevelopmentKit.h,
				PhaseEngine/MDKPhase.h,
				PhaseEngine/MDKPhaseEngine.h,
				PhaseEngine/MDKPhaseRunner.h,
				Support/MDKCFType.h,
				Support/MDKDiagnostic.h,
				Support/MDKFile.h,
				Support/MDKFileSourceLocation.h,
				Support/MDKJob.h,
				Support/MDKTarget.h,
				Support/MDKThreadPool.h,
				Support/MDKThreadPoolGroup.h,
				Tools/Compiler/MDKCompiler.h,
				Tools/Compiler/MDKSwiftCompiler.h,
				Tools/Linker/MDKLinker.h,
				Tools/MDKASTUnit.h,
				Tools/MDKDependencyScanner.h,
				Tools/MDKDriver.h,
				Tools/MDKSDK.h,
			);
			target = 860D91742FAE1F95000D321B /* MobileDevelopmentKit */;
		};
		86DCC2672FA5209600973169 /* Exceptions for "CoreCompiler" folder in "CoreCompiler" target */ = {
			isa = PBXFileSystemSynchronizedBuildFileExceptionSet;
			platformFiltersByRelativePath = {
				CoreCompilerSupportLibs/lib_CompilerSwiftBasicFormat.dylib = (ios, );
				CoreCompilerSupportLibs/lib_CompilerSwiftCompilerPluginMessageHandling.dylib = (ios, );
				CoreCompilerSupportLibs/lib_CompilerSwiftDiagnostics.dylib = (ios, );
				CoreCompilerSupportLibs/lib_CompilerSwiftIDEUtils.dylib = (ios, );
				CoreCompilerSupportLibs/lib_CompilerSwiftIfConfig.dylib = (ios, );
				CoreCompilerSupportLibs/lib_CompilerSwiftLexicalLookup.dylib = (ios, );
				CoreCompilerSupportLibs/lib_CompilerSwiftOperators.dylib = (ios, );
				CoreCompilerSupportLibs/lib_CompilerSwiftParser.dylib = (ios, );
				CoreCompilerSupportLibs/lib_CompilerSwiftParserDiagnostics.dylib = (ios, );
				CoreCompilerSupportLibs/lib_CompilerSwiftSyntax.dylib = (ios, );
				CoreCompilerSupportLibs/lib_CompilerSwiftSyntaxBuilder.dylib = (ios, );
				CoreCompilerSupportLibs/lib_CompilerSwiftSyntaxMacroExpansion.dylib = (ios, );
				CoreCompilerSupportLibs/lib_CompilerSwiftSyntaxMacros.dylib = (ios, );
			};
			privateHeaders = (
				CCUtilsPrivate.h,
			);
			publicHeaders = (
				CCBase.h,
				CCUtils.h,
				CFRuntime.h,
				CoreCompiler.h,
				Support/CCDiagnostic.h,
				Support/CCFile.h,
				Support/CCFileSourceLocation.h,
				Support/CCJob.h,
				Support/CCSourceLocation.h,
				Tools/CCASTUnit.h,
				Tools/CCDependencyScanner.h,
				Tools/CCDriver.h,
				Tools/CCSDK.h,
				Tools/Compiler/CCCompiler.h,
				Tools/Compiler/CCSwiftCompiler.h,
				Tools/Linker/CCLinker.h,
			);
			target = 86DCC2592FA5209600973169 /* CoreCompiler */;
		};
/* End PBXFileSystemSynchronizedBuildFileExceptionSet section */

/* Begin PBXFileSystemSynchronizedGroupBuildPhaseMembershipExceptionSet section */
		86DCC2932FA520EF00973169 /* Exceptions for "CoreCompiler" folder in "Embed Libraries" phase from "CoreCompiler" target */ = {
			isa = PBXFileSystemSynchronizedGroupBuildPhaseMembershipExceptionSet;
			attributesByRelativePath = {
				CoreCompilerSupportLibs/lib_CompilerSwiftBasicFormat.dylib = (CodeSignOnCopy, );
				CoreCompilerSupportLibs/lib_CompilerSwiftCompilerPluginMessageHandling.dylib = (CodeSignOnCopy, );
				CoreCompilerSupportLibs/lib_CompilerSwiftDiagnostics.dylib = (CodeSignOnCopy, );
				CoreCompilerSupportLibs/lib_CompilerSwiftIDEUtils.dylib = (CodeSignOnCopy, );
				CoreCompilerSupportLibs/lib_CompilerSwiftIfConfig.dylib = (CodeSignOnCopy, );
				CoreCompilerSupportLibs/lib_CompilerSwiftLexicalLookup.dylib = (CodeSignOnCopy, );
				CoreCompilerSupportLibs/lib_CompilerSwiftOperators.dylib = (CodeSignOnCopy, );
				CoreCompilerSupportLibs/lib_CompilerSwiftParser.dylib = (CodeSignOnCopy, );
				CoreCompilerSupportLibs/lib_CompilerSwiftParserDiagnostics.dylib = (CodeSignOnCopy, );
				CoreCompilerSupportLibs/lib_CompilerSwiftSyntax.dylib = (CodeSignOnCopy, );
				CoreCompilerSupportLibs/lib_CompilerSwiftSyntaxBuilder.dylib = (CodeSignOnCopy, );
				CoreCompilerSupportLibs/lib_CompilerSwiftSyntaxMacroExpansion.dylib = (CodeSignOnCopy, );
				CoreCompilerSupportLibs/lib_CompilerSwiftSyntaxMacros.dylib = (CodeSignOnCopy, );
			};
			buildPhase = 86DCC2922FA520EE00973169 /* Embed Libraries */;
			membershipExceptions = (
				CoreCompilerSupportLibs/lib_CompilerSwiftBasicFormat.dylib,
				CoreCompilerSupportLibs/lib_CompilerSwiftCompilerPluginMessageHandling.dylib,
				CoreCompilerSupportLibs/lib_CompilerSwiftDiagnostics.dylib,
				CoreCompilerSupportLibs/lib_CompilerSwiftIDEUtils.dylib,
				CoreCompilerSupportLibs/lib_CompilerSwiftIfConfig.dylib,
				CoreCompilerSupportLibs/lib_CompilerSwiftLexicalLookup.dylib,
				CoreCompilerSupportLibs/lib_CompilerSwiftOperators.dylib,
				CoreCompilerSupportLibs/lib_CompilerSwiftParser.dylib,
				CoreCompilerSupportLibs/lib_CompilerSwiftParserDiagnostics.dylib,
				CoreCompilerSupportLibs/lib_CompilerSwiftSyntax.dylib,
				CoreCompilerSupportLibs/lib_CompilerSwiftSyntaxBuilder.dylib,
				CoreCompilerSupportLibs/lib_CompilerSwiftSyntaxMacroExpansion.dylib,
				CoreCompilerSupportLibs/lib_CompilerSwiftSyntaxMacros.dylib,
			);
		};
		AFF4DBDB2DCA5DEA00B1B5F9 /* Exceptions for "Nyxian" folder in "Embed Libraries" phase from "emexDE" target */ = {
			isa = PBXFileSystemSynchronizedGroupBuildPhaseMembershipExceptionSet;
			attributesByRelativePath = {
				LindChain/OpenSSL.xcframework = (CodeSignOnCopy, RemoveHeadersOnCopy, );
				LindChain/llama.xcframework = (CodeSignOnCopy, RemoveHeadersOnCopy, );
			};
			buildPhase = AFF4DB332DCA57EC00B1B5F9 /* Embed Libraries */;
			membershipExceptions = (
				LindChain/OpenSSL.xcframework,
				LindChain/llama.xcframework,
			);
		};
/* End PBXFileSystemSynchronizedGroupBuildPhaseMembershipExceptionSet section */

/* Begin PBXFileSystemSynchronizedRootGroup section */
		798692F02E627A3B00390D7E /* LiveProcess */ = {
			isa = PBXFileSystemSynchronizedRootGroup;
			exceptions = (
				79BF98402E62931E00C60D4C /* Exceptions for "LiveProcess" folder in "emexDE" target */,
				79BF983D2E62930600C60D4C /* Exceptions for "LiveProcess" folder in "LiveProcess" target */,
			);
			path = LiveProcess;
			sourceTree = "<group>";
		};
		79AA11BD2F7FFE24002FEAF2 /* nxtool */ = {
			isa = PBXFileSystemSynchronizedRootGroup;
			path = nxtool;
			sourceTree = "<group>";
		};
		860D91762FAE1F95000D321B /* MobileDevelopmentKit */ = {
			isa = PBXFileSystemSynchronizedRootGroup;
			exceptions = (
				860D91822FAE1F95000D321B /* Exceptions for "MobileDevelopmentKit" folder in "MobileDevelopmentKit" target */,
			);
			path = MobileDevelopmentKit;
			sourceTree = "<group>";
		};
		86DCC25B2FA5209600973169 /* CoreCompiler */ = {
			isa = PBXFileSystemSynchronizedRootGroup;
			exceptions = (
				86DCC2672FA5209600973169 /* Exceptions for "CoreCompiler" folder in "CoreCompiler" target */,
				86DCC2932FA520EF00973169 /* Exceptions for "CoreCompiler" folder in "Embed Libraries" phase from "CoreCompiler" target */,
			);
			path = CoreCompiler;
			sourceTree = "<group>";
		};
		AF9916DB2DC8C42200DDF895 /* Nyxian */ = {
			isa = PBXFileSystemSynchronizedRootGroup;
			exceptions = (
				798BBD332F1D265200CBB23F /* Exceptions for "Nyxian" folder in "emexDE" target */,
				AFF4DBDB2DCA5DEA00B1B5F9 /* Exceptions for "Nyxian" folder in "Embed Libraries" phase from "emexDE" target */,
				79BF9A972E62BB6900C60D4C /* Exceptions for "Nyxian" folder in "LiveProcess" target */,
				79AA11C62F7FFF12002FEAF2 /* Exceptions for "Nyxian" folder in "nxtool" target */,
			);
			path = Nyxian;
			sourceTree = "<group>";
		};
/* End PBXFileSystemSynchronizedRootGroup section */

/* Begin PBXFrameworksBuildPhase section */
		79AA11B92F7FFE24002FEAF2 /* Frameworks */ = {
			isa = PBXFrameworksBuildPhase;
			buildActionMask = 2147483647;
			files = (
				79AA11C72F7FFF46002FEAF2 /* libarchive.tbd in Frameworks */,
			);
			runOnlyForDeploymentPostprocessing = 0;
		};
		79AF51172F1CBD110055004A /* Frameworks */ = {
			isa = PBXFrameworksBuildPhase;
			buildActionMask = 2147483647;
			files = (
				79AF51182F1CBD110055004A /* Runestone in Frameworks */,
				860D91882FAE1FC5000D321B /* MobileDevelopmentKit.framework in Frameworks */,
				860D91E42FAE2ED7000D321B /* CoreCompiler.framework in Frameworks */,
				79AF511A2F1CBD110055004A /* TreeSitterObjc in Frameworks */,
				8630CBB72FABE19E00C6EE6D /* UIOnboarding in Frameworks */,
				79AF511B2F1CBD110055004A /* libarchive.tbd in Frameworks */,
				79AF511C2F1CBD110055004A /* TreeSitterC in Frameworks */,
				86E4D4F92FB8CF70008BFE4D /* TreeSitterSwift in Frameworks */,
				79B708BE2F731590000F38E7 /* TreeSitterCPP in Frameworks */,
				79AF511D2F1CBD110055004A /* TreeSitterXML in Frameworks */,
				79AF511E2F1CBD110055004A /* SwiftTerm in Frameworks */,
			);
			runOnlyForDeploymentPostprocessing = 0;
		};
		79BF97F42E6291EE00C60D4C /* Frameworks */ = {
			isa = PBXFrameworksBuildPhase;
			buildActionMask = 2147483647;
			files = (
				79BF9A8F2E62BA8700C60D4C /* libarchive.tbd in Frameworks */,
			);
			runOnlyForDeploymentPostprocessing = 0;
		};
		860D91722FAE1F95000D321B /* Frameworks */ = {
			isa = PBXFrameworksBuildPhase;
			buildActionMask = 2147483647;
			files = (
				860D91832FAE1F9C000D321B /* CoreCompiler.framework in Frameworks */,
			);
			runOnlyForDeploymentPostprocessing = 0;
		};
		86DCC2572FA5209600973169 /* Frameworks */ = {
			isa = PBXFrameworksBuildPhase;
			buildActionMask = 2147483647;
			files = (
				86DCC30A2FA521A600973169 /* libz.tbd in Frameworks */,
			);
			runOnlyForDeploymentPostprocessing = 0;
		};
		AF9916D62DC8C42200DDF895 /* Frameworks */ = {
			isa = PBXFrameworksBuildPhase;
			buildActionMask = 2147483647;
			files = (
				86E4D4F72FB8CF63008BFE4D /* TreeSitterSwift in Frameworks */,
				860D917D2FAE1F95000D321B /* MobileDevelopmentKit.framework in Frameworks */,
				79B708BC2F73157F000F38E7 /* TreeSitterCPP in Frameworks */,
				79B70C1C2F73223A000F38E7 /* Runestone in Frameworks */,
				79B70C1F2F732364000F38E7 /* Runestone in Frameworks */,
				86E4D4F42FB8CF32008BFE4D /* Runestone in Frameworks */,
				AF9919582DC9175A00DDF895 /* TreeSitterObjc in Frameworks */,
				793A4E3B2F84FE1D003B609A /* Runestone in Frameworks */,
				791C96052F8726B0006AF674 /* Runestone in Frameworks */,
				793FCD242E6730740011B3F5 /* libarchive.tbd in Frameworks */,
				860D91E02FAE2E4C000D321B /* CoreCompiler.framework in Frameworks */,
				79D1DA672F92A6CE0020518A /* TreeSitterSwift in Frameworks */,
				AF99195B2DC9176900DDF895 /* TreeSitterC in Frameworks */,
				AFF4E3492DCCCE0F00B1B5F9 /* TreeSitterXML in Frameworks */,
				8630CBB52FABE19200C6EE6D /* UIOnboarding in Frameworks */,
				793A7E502EB5996A0044418E /* SwiftTerm in Frameworks */,
			);
			runOnlyForDeploymentPostprocessing = 0;
		};
/* End PBXFrameworksBuildPhase section */

/* Begin PBXGroup section */
		7944B5662DEC74FC00834134 /* Frameworks */ = {
			isa = PBXGroup;
			children = (
				86DCC3092FA521A100973169 /* libz.1.tbd */,
				86DCC3082FA5219900973169 /* libz.tbd */,
				79BF9A8E2E62BA7D00C60D4C /* libarchive.tbd */,
				79AA11C32F7FFEE4002FEAF2 /* libarchive.tbd */,
				79AA11C42F7FFEFF002FEAF2 /* libarchive.tbd */,
				7944B5672DEC74FC00834134 /* MobileCoreServices.framework */,
				79281CBF2E3A44CA00E983C9 /* UniformTypeIdentifiers.framework */,
			);
			name = Frameworks;
			sourceTree = "<group>";
		};
		AF9916D02DC8C42200DDF895 = {
			isa = PBXGroup;
			children = (
				79277DC62EE8761000F18B30 /* version.sh */,
				79277DC02EE8752800F18B30 /* Config.xcconfig */,
				AF99171F2DC8EA3C00DDF895 /* Shared */,
				AF9916DB2DC8C42200DDF895 /* Nyxian */,
				798692F02E627A3B00390D7E /* LiveProcess */,
				79AA11BD2F7FFE24002FEAF2 /* nxtool */,
				86DCC25B2FA5209600973169 /* CoreCompiler */,
				860D91762FAE1F95000D321B /* MobileDevelopmentKit */,
				7944B5662DEC74FC00834134 /* Frameworks */,
				79BF97F72E6291EE00C60D4C /* LiveProcess.appex */,
				7944B5652DEC74EA00834134 /* emexDE.app */,
				79AA11BC2F7FFE24002FEAF2 /* nxtool */,
				86DCC25A2FA5209600973169 /* CoreCompiler.framework */,
				860D91752FAE1F95000D321B /* MobileDevelopmentKit.framework */,
			);
			sourceTree = "<group>";
		};
/* End PBXGroup section */

/* Begin PBXHeadersBuildPhase section */
		860D91702FAE1F95000D321B /* Headers */ = {
			isa = PBXHeadersBuildPhase;
			buildActionMask = 2147483647;
			files = (
			);
			runOnlyForDeploymentPostprocessing = 0;
		};
		86DCC2552FA5209600973169 /* Headers */ = {
			isa = PBXHeadersBuildPhase;
			buildActionMask = 2147483647;
			files = (
			);
			runOnlyForDeploymentPostprocessing = 0;
		};
/* End PBXHeadersBuildPhase section */

/* Begin PBXNativeTarget section */
		79AA11BB2F7FFE24002FEAF2 /* nxtool */ = {
			isa = PBXNativeTarget;
			buildConfigurationList = 79AA11C02F7FFE24002FEAF2 /* Build configuration list for PBXNativeTarget "nxtool" */;
			buildPhases = (
				79AA11B82F7FFE24002FEAF2 /* Sources */,
				79AA11B92F7FFE24002FEAF2 /* Frameworks */,
				79AA11BA2F7FFE24002FEAF2 /* CopyFiles */,
			);
			buildRules = (
			);
			dependencies = (
			);
			fileSystemSynchronizedGroups = (
				79AA11BD2F7FFE24002FEAF2 /* nxtool */,
			);
			name = nxtool;
			packageProductDependencies = (
			);
			productName = nxtool;
			productReference = 79AA11BC2F7FFE24002FEAF2 /* nxtool */;
			productType = "com.apple.product-type.tool";
		};
		79BF97F62E6291EE00C60D4C /* LiveProcess */ = {
			isa = PBXNativeTarget;
			buildConfigurationList = 79BF98062E6291EE00C60D4C /* Build configuration list for PBXNativeTarget "LiveProcess" */;
			buildPhases = (
				79BF97F32E6291EE00C60D4C /* Sources */,
				79BF97F42E6291EE00C60D4C /* Frameworks */,
				79BF97F52E6291EE00C60D4C /* Resources */,
			);
			buildRules = (
			);
			dependencies = (
			);
			name = LiveProcess;
			packageProductDependencies = (
			);
			productName = LiveProcess;
			productReference = 79BF97F72E6291EE00C60D4C /* LiveProcess.appex */;
			productType = "com.apple.product-type.app-extension";
		};
		860D91742FAE1F95000D321B /* MobileDevelopmentKit */ = {
			isa = PBXNativeTarget;
			buildConfigurationList = 860D917F2FAE1F95000D321B /* Build configuration list for PBXNativeTarget "MobileDevelopmentKit" */;
			buildPhases = (
				860D91702FAE1F95000D321B /* Headers */,
				860D91712FAE1F95000D321B /* Sources */,
				860D91722FAE1F95000D321B /* Frameworks */,
				860D91732FAE1F95000D321B /* Resources */,
			);
			buildRules = (
			);
			dependencies = (
				860D91862FAE1F9C000D321B /* PBXTargetDependency */,
			);
			fileSystemSynchronizedGroups = (
				860D91762FAE1F95000D321B /* MobileDevelopmentKit */,
			);
			name = MobileDevelopmentKit;
			packageProductDependencies = (
			);
			productName = MobileDevelopmentKit;
			productReference = 860D91752FAE1F95000D321B /* MobileDevelopmentKit.framework */;
			productType = "com.apple.product-type.framework";
		};
		86DCC2592FA5209600973169 /* CoreCompiler */ = {
			isa = PBXNativeTarget;
			buildConfigurationList = 86DCC2642FA5209600973169 /* Build configuration list for PBXNativeTarget "CoreCompiler" */;
			buildPhases = (
				86DCC2552FA5209600973169 /* Headers */,
				86DCC2562FA5209600973169 /* Sources */,
				86DCC2572FA5209600973169 /* Frameworks */,
				86DCC2582FA5209600973169 /* Resources */,
				86DCC2922FA520EE00973169 /* Embed Libraries */,
			);
			buildRules = (
			);
			dependencies = (
			);
			fileSystemSynchronizedGroups = (
				86DCC25B2FA5209600973169 /* CoreCompiler */,
			);
			name = CoreCompiler;
			packageProductDependencies = (
			);
			productName = CoreCompiler;
			productReference = 86DCC25A2FA5209600973169 /* CoreCompiler.framework */;
			productType = "com.apple.product-type.framework";
		};
		AF9916D82DC8C42200DDF895 /* emexDE */ = {
			isa = PBXNativeTarget;
			buildConfigurationList = AF9916E72DC8C42400DDF895 /* Build configuration list for PBXNativeTarget "emexDE" */;
			buildPhases = (
				AF9916D52DC8C42200DDF895 /* Sources */,
				AF9916D62DC8C42200DDF895 /* Frameworks */,
				AF9916D72DC8C42200DDF895 /* Resources */,
				AFF4DB332DCA57EC00B1B5F9 /* Embed Libraries */,
				7952278A2F45B52000D1C3CC /* Embed Foundation Extensions */,
			);
			buildRules = (
			);
			dependencies = (
				795227892F45B52000D1C3CC /* PBXTargetDependency */,
				860D917C2FAE1F95000D321B /* PBXTargetDependency */,
				860D91E32FAE2E4C000D321B /* PBXTargetDependency */,
			);
			fileSystemSynchronizedGroups = (
				AF9916DB2DC8C42200DDF895 /* Nyxian */,
			);
			name = emexDE;
			packageProductDependencies = (
				AF9919572DC9175A00DDF895 /* TreeSitterObjc */,
				AF99195A2DC9176900DDF895 /* TreeSitterC */,
				AFF4E3482DCCCE0F00B1B5F9 /* TreeSitterXML */,
				793A7E4F2EB5996A0044418E /* SwiftTerm */,
				79B708BB2F73157F000F38E7 /* TreeSitterCPP */,
				79B70C1B2F73223A000F38E7 /* Runestone */,
				79B70C1E2F732364000F38E7 /* Runestone */,
				793A4E3A2F84FE1D003B609A /* Runestone */,
				791C96042F8726B0006AF674 /* Runestone */,
				79D1DA662F92A6CE0020518A /* TreeSitterSwift */,
				8630CBB42FABE19200C6EE6D /* UIOnboarding */,
				86E4D4F32FB8CF32008BFE4D /* Runestone */,
				86E4D4F62FB8CF63008BFE4D /* TreeSitterSwift */,
			);
			productName = LindDE;
			productReference = 7944B5652DEC74EA00834134 /* emexDE.app */;
			productType = "com.apple.product-type.application";
		};
/* End PBXNativeTarget section */

/* Begin PBXProject section */
		AF9916D12DC8C42200DDF895 /* Project object */ = {
			isa = PBXProject;
			attributes = {
				BuildIndependentTargetsInParallel = 1;
				LastSwiftUpdateCheck = 2600;
				LastUpgradeCheck = 2600;
				TargetAttributes = {
					79AA11BB2F7FFE24002FEAF2 = {
						CreatedOnToolsVersion = 26.0.1;
					};
					79BF97F62E6291EE00C60D4C = {
						CreatedOnToolsVersion = 16.4;
					};
					860D91742FAE1F95000D321B = {
						CreatedOnToolsVersion = 26.4.1;
						LastSwiftMigration = 2640;
					};
					86DCC2592FA5209600973169 = {
						CreatedOnToolsVersion = 26.4.1;
						LastSwiftMigration = 2640;
					};
					AF9916D82DC8C42200DDF895 = {
						CreatedOnToolsVersion = 16.2;
					};
				};
			};
			buildConfigurationList = AF9916D42DC8C42200DDF895 /* Build configuration list for PBXProject "Nyxian" */;
			developmentRegion = en;
			hasScannedForEncodings = 0;
			knownRegions = (
				en,
				Base,
			);
			mainGroup = AF9916D02DC8C42200DDF895;
			minimizedProjectReferenceProxies = 1;
			packageReferences = (
				AF9919562DC9175A00DDF895 /* XCRemoteSwiftPackageReference "tree-sitter-objc" */,
				AF9919592DC9176900DDF895 /* XCRemoteSwiftPackageReference "tree-sitter-c" */,
				AFF4E3472DCCCE0F00B1B5F9 /* XCRemoteSwiftPackageReference "tree-sitter-xml" */,
				793A7E4E2EB599690044418E /* XCRemoteSwiftPackageReference "SwiftTerm" */,
				79B708BA2F73157F000F38E7 /* XCRemoteSwiftPackageReference "tree-sitter-cpp" */,
				8630CBB32FABE19200C6EE6D /* XCRemoteSwiftPackageReference "UIOnboarding" */,
				86E4D4F22FB8CF32008BFE4D /* XCRemoteSwiftPackageReference "Runestone" */,
				86E4D4F52FB8CF63008BFE4D /* XCRemoteSwiftPackageReference "tree-sitter-swift" */,
			);
			preferredProjectObjectVersion = 77;
			productRefGroup = AF9916D02DC8C42200DDF895;
			projectDirPath = "";
			projectRoot = "";
			targets = (
				AF9916D82DC8C42200DDF895 /* emexDE */,
				79BF97F62E6291EE00C60D4C /* LiveProcess */,
				860D91742FAE1F95000D321B /* MobileDevelopmentKit */,
				86DCC2592FA5209600973169 /* CoreCompiler */,
				79AA11BB2F7FFE24002FEAF2 /* nxtool */,
			);
		};
/* End PBXProject section */

/* Begin PBXResourcesBuildPhase section */
		79AF511F2F1CBD110055004A /* Resources */ = {
			isa = PBXResourcesBuildPhase;
			buildActionMask = 2147483647;
			files = (
				79AF51222F1CBD110055004A /* Shared in Resources */,
			);
			runOnlyForDeploymentPostprocessing = 0;
		};
		79BF97F52E6291EE00C60D4C /* Resources */ = {
			isa = PBXResourcesBuildPhase;
			buildActionMask = 2147483647;
			files = (
			);
			runOnlyForDeploymentPostprocessing = 0;
		};
		860D91732FAE1F95000D321B /* Resources */ = {
			isa = PBXResourcesBuildPhase;
			buildActionMask = 2147483647;
			files = (
			);
			runOnlyForDeploymentPostprocessing = 0;
		};
		86DCC2582FA5209600973169 /* Resources */ = {
			isa = PBXResourcesBuildPhase;
			buildActionMask = 2147483647;
			files = (
			);
			runOnlyForDeploymentPostprocessing = 0;
		};
		AF9916D72DC8C42200DDF895 /* Resources */ = {
			isa = PBXResourcesBuildPhase;
			buildActionMask = 2147483647;
			files = (
				AFF4D5D92DC9390B00B1B5F9 /* Shared in Resources */,
			);
			runOnlyForDeploymentPostprocessing = 0;
		};
/* End PBXResourcesBuildPhase section */

/* Begin PBXSourcesBuildPhase section */
		79AA11B82F7FFE24002FEAF2 /* Sources */ = {
			isa = PBXSourcesBuildPhase;
			buildActionMask = 2147483647;
			files = (
			);
			runOnlyForDeploymentPostprocessing = 0;
		};
		79AF51162F1CBD110055004A /* Sources */ = {
			isa = PBXSourcesBuildPhase;
			buildActionMask = 2147483647;
			files = (
			);
			runOnlyForDeploymentPostprocessing = 0;
		};
		79BF97F32E6291EE00C60D4C /* Sources */ = {
			isa = PBXSourcesBuildPhase;
			buildActionMask = 2147483647;
			files = (
			);
			runOnlyForDeploymentPostprocessing = 0;
		};
		860D91712FAE1F95000D321B /* Sources */ = {
			isa = PBXSourcesBuildPhase;
			buildActionMask = 2147483647;
			files = (
			);
			runOnlyForDeploymentPostprocessing = 0;
		};
		86DCC2562FA5209600973169 /* Sources */ = {
			isa = PBXSourcesBuildPhase;
			buildActionMask = 2147483647;
			files = (
			);
			runOnlyForDeploymentPostprocessing = 0;
		};
		AF9916D52DC8C42200DDF895 /* Sources */ = {
			isa = PBXSourcesBuildPhase;
			buildActionMask = 2147483647;
			files = (
			);
			runOnlyForDeploymentPostprocessing = 0;
		};
/* End PBXSourcesBuildPhase section */

/* Begin PBXTargetDependency section */
		795227892F45B52000D1C3CC /* PBXTargetDependency */ = {
			isa = PBXTargetDependency;
			target = 79BF97F62E6291EE00C60D4C /* LiveProcess */;
			targetProxy = 795227882F45B52000D1C3CC /* PBXContainerItemProxy */;
		};
		860D917C2FAE1F95000D321B /* PBXTargetDependency */ = {
			isa = PBXTargetDependency;
			target = 860D91742FAE1F95000D321B /* MobileDevelopmentKit */;
			targetProxy = 860D917B2FAE1F95000D321B /* PBXContainerItemProxy */;
		};
		860D91862FAE1F9C000D321B /* PBXTargetDependency */ = {
			isa = PBXTargetDependency;
			platformFilter = ios;
			target = 86DCC2592FA5209600973169 /* CoreCompiler */;
			targetProxy = 860D91852FAE1F9C000D321B /* PBXContainerItemProxy */;
		};
		860D918B2FAE1FC5000D321B /* PBXTargetDependency */ = {
			isa = PBXTargetDependency;
			target = 860D91742FAE1F95000D321B /* MobileDevelopmentKit */;
			targetProxy = 860D918A2FAE1FC5000D321B /* PBXContainerItemProxy */;
		};
		860D91E32FAE2E4C000D321B /* PBXTargetDependency */ = {
			isa = PBXTargetDependency;
			target = 86DCC2592FA5209600973169 /* CoreCompiler */;
			targetProxy = 860D91E22FAE2E4C000D321B /* PBXContainerItemProxy */;
		};
		860D91E72FAE2ED7000D321B /* PBXTargetDependency */ = {
			isa = PBXTargetDependency;
			target = 86DCC2592FA5209600973169 /* CoreCompiler */;
			targetProxy = 860D91E62FAE2ED7000D321B /* PBXContainerItemProxy */;
		};
/* End PBXTargetDependency section */

/* Begin XCBuildConfiguration section */
		79AA11C12F7FFE24002FEAF2 /* Debug */ = {
			isa = XCBuildConfiguration;
			buildSettings = {
				CODE_SIGN_STYLE = Automatic;
				ENABLE_HARDENED_RUNTIME = YES;
				HEADER_SEARCH_PATHS = Nyxian/;
				MACOSX_DEPLOYMENT_TARGET = 11.5;
				PRODUCT_NAME = "$(TARGET_NAME)";
				SDKROOT = macosx;
			};
			name = Debug;
		};
		79AA11C22F7FFE24002FEAF2 /* Release */ = {
			isa = XCBuildConfiguration;
			buildSettings = {
				CODE_SIGN_STYLE = Automatic;
				ENABLE_HARDENED_RUNTIME = YES;
				HEADER_SEARCH_PATHS = Nyxian/;
				MACOSX_DEPLOYMENT_TARGET = 11.5;
				PRODUCT_NAME = "$(TARGET_NAME)";
				SDKROOT = macosx;
			};
			name = Release;
		};
		79BF98072E6291EE00C60D4C /* Debug */ = {
			isa = XCBuildConfiguration;
			baseConfigurationReference = 79277DC02EE8752800F18B30 /* Config.xcconfig */;
			buildSettings = {
				CODE_SIGN_ENTITLEMENTS = "$(NYXIAN_LIVEPROCESS_CODE_SIGN_ENTITLEMENTS)";
				CODE_SIGN_IDENTITY = "Apple Development";
				CODE_SIGN_STYLE = Automatic;
				CURRENT_PROJECT_VERSION = "$(BUILD_NUMBER)";
				DEAD_CODE_STRIPPING = NO;
				GCC_OPTIMIZATION_LEVEL = s;
				GENERATE_INFOPLIST_FILE = YES;
				HEADER_SEARCH_PATHS = (
					Nyxian/,
					LiveProcess/,
				);
				INFOPLIST_FILE = LiveProcess/Info.plist;
				INFOPLIST_KEY_CFBundleDisplayName = LiveProcess;
				INFOPLIST_KEY_NSHumanReadableCopyright = "";
				INFOPLIST_KEY_UIMainStoryboardFile = "";
				IPHONEOS_DEPLOYMENT_TARGET = 16.0;
				LD_RUNPATH_SEARCH_PATHS = (
					"$(inherited)",
					"@executable_path/Frameworks",
					"@executable_path/../../Frameworks",
				);
				MARKETING_VERSION = "$(VERSION)";
				OTHER_CFLAGS = "-DCLIENT_ENV";
				OTHER_LDFLAGS = (
					"-Wl,-U,_OBJC_CLASS_$_FBSSceneParameters",
					"-Wl,-U,_OBJC_CLASS_$_LSApplicationWorkspace",
				);
				PRODUCT_BUNDLE_IDENTIFIER = "$(NYXIAN_LIVEPROCESS_PRODUCT_BUNDLE_IDENTIFIER)";
				PRODUCT_NAME = "$(TARGET_NAME)";
				PROVISIONING_PROFILE_SPECIFIER = "";
				SKIP_INSTALL = YES;
				SUPPORTED_PLATFORMS = "iphoneos iphonesimulator";
				SUPPORTS_MACCATALYST = NO;
				SUPPORTS_MAC_DESIGNED_FOR_IPHONE_IPAD = NO;
				SUPPORTS_XR_DESIGNED_FOR_IPHONE_IPAD = NO;
				SWIFT_EMIT_LOC_STRINGS = YES;
				TARGETED_DEVICE_FAMILY = "1,2";
			};
			name = Debug;
		};
		79BF98082E6291EE00C60D4C /* Release */ = {
			isa = XCBuildConfiguration;
			baseConfigurationReference = 79277DC02EE8752800F18B30 /* Config.xcconfig */;
			buildSettings = {
				CODE_SIGN_ENTITLEMENTS = "$(NYXIAN_LIVEPROCESS_CODE_SIGN_ENTITLEMENTS)";
				CODE_SIGN_IDENTITY = "Apple Development";
				CODE_SIGN_STYLE = Automatic;
				CURRENT_PROJECT_VERSION = "$(BUILD_NUMBER)";
				DEAD_CODE_STRIPPING = NO;
				GCC_OPTIMIZATION_LEVEL = s;
				GENERATE_INFOPLIST_FILE = YES;
				HEADER_SEARCH_PATHS = (
					Nyxian/,
					LiveProcess/,
				);
				INFOPLIST_FILE = LiveProcess/Info.plist;
				INFOPLIST_KEY_CFBundleDisplayName = LiveProcess;
				INFOPLIST_KEY_NSHumanReadableCopyright = "";
				INFOPLIST_KEY_UIMainStoryboardFile = "";
				IPHONEOS_DEPLOYMENT_TARGET = 16.0;
				LD_RUNPATH_SEARCH_PATHS = (
					"$(inherited)",
					"@executable_path/Frameworks",
					"@executable_path/../../Frameworks",
				);
				MARKETING_VERSION = "$(VERSION)";
				OTHER_CFLAGS = "-DCLIENT_ENV";
				OTHER_LDFLAGS = (
					"-Wl,-U,_OBJC_CLASS_$_FBSSceneParameters",
					"-Wl,-U,_OBJC_CLASS_$_LSApplicationWorkspace",
				);
				PRODUCT_BUNDLE_IDENTIFIER = "$(NYXIAN_LIVEPROCESS_PRODUCT_BUNDLE_IDENTIFIER)";
				PRODUCT_NAME = "$(TARGET_NAME)";
				PROVISIONING_PROFILE_SPECIFIER = "";
				SKIP_INSTALL = YES;
				SUPPORTED_PLATFORMS = "iphoneos iphonesimulator";
				SUPPORTS_MACCATALYST = NO;
				SUPPORTS_MAC_DESIGNED_FOR_IPHONE_IPAD = NO;
				SUPPORTS_XR_DESIGNED_FOR_IPHONE_IPAD = NO;
				SWIFT_EMIT_LOC_STRINGS = YES;
				TARGETED_DEVICE_FAMILY = "1,2";
			};
			name = Release;
		};
		860D91802FAE1F95000D321B /* Debug */ = {
			isa = XCBuildConfiguration;
			buildSettings = {
				CLANG_ENABLE_MODULES = YES;
				CODE_SIGN_IDENTITY = "Apple Development";
				CODE_SIGN_STYLE = Automatic;
				CURRENT_PROJECT_VERSION = 1;
				DEFINES_MODULE = YES;
				DYLIB_COMPATIBILITY_VERSION = 1;
				DYLIB_CURRENT_VERSION = 1;
				DYLIB_INSTALL_NAME_BASE = "@rpath";
				ENABLE_MODULE_VERIFIER = YES;
				GENERATE_INFOPLIST_FILE = YES;
				INFOPLIST_KEY_NSHumanReadableCopyright = "";
				INSTALL_PATH = "$(LOCAL_LIBRARY_DIR)/Frameworks";
				IPHONEOS_DEPLOYMENT_TARGET = 16.0;
				LD_RUNPATH_SEARCH_PATHS = (
					"$(inherited)",
					"@executable_path/Frameworks",
					"@loader_path/Frameworks",
				);
				MARKETING_VERSION = 1.0;
				MODULE_VERIFIER_SUPPORTED_LANGUAGES = "objective-c objective-c++";
				MODULE_VERIFIER_SUPPORTED_LANGUAGE_STANDARDS = "gnu17 gnu++20";
				PRODUCT_BUNDLE_IDENTIFIER = com.cr4zy.MobileDevelopmentKit;
				PRODUCT_NAME = "$(TARGET_NAME:c99extidentifier)";
				SKIP_INSTALL = YES;
				STRING_CATALOG_GENERATE_SYMBOLS = YES;
				SUPPORTED_PLATFORMS = "iphoneos iphonesimulator";
				SUPPORTS_MACCATALYST = NO;
				SUPPORTS_MAC_DESIGNED_FOR_IPHONE_IPAD = NO;
				SUPPORTS_XR_DESIGNED_FOR_IPHONE_IPAD = NO;
				SWIFT_EMIT_LOC_STRINGS = YES;
				SWIFT_OPTIMIZATION_LEVEL = "-Onone";
				SWIFT_VERSION = 6.0;
				TARGETED_DEVICE_FAMILY = "1,2";
				VERSIONING_SYSTEM = "apple-generic";
				VERSION_INFO_PREFIX = "";
			};
			name = Debug;
		};
		860D91812FAE1F95000D321B /* Release */ = {
			isa = XCBuildConfiguration;
			buildSettings = {
				CLANG_ENABLE_MODULES = YES;
				CODE_SIGN_IDENTITY = "Apple Development";
				CODE_SIGN_STYLE = Automatic;
				CURRENT_PROJECT_VERSION = 1;
				DEFINES_MODULE = YES;
				DYLIB_COMPATIBILITY_VERSION = 1;
				DYLIB_CURRENT_VERSION = 1;
				DYLIB_INSTALL_NAME_BASE = "@rpath";
				ENABLE_MODULE_VERIFIER = YES;
				GENERATE_INFOPLIST_FILE = YES;
				INFOPLIST_KEY_NSHumanReadableCopyright = "";
				INSTALL_PATH = "$(LOCAL_LIBRARY_DIR)/Frameworks";
				IPHONEOS_DEPLOYMENT_TARGET = 16.0;
				LD_RUNPATH_SEARCH_PATHS = (
					"$(inherited)",
					"@executable_path/Frameworks",
					"@loader_path/Frameworks",
				);
				MARKETING_VERSION = 1.0;
				MODULE_VERIFIER_SUPPORTED_LANGUAGES = "objective-c objective-c++";
				MODULE_VERIFIER_SUPPORTED_LANGUAGE_STANDARDS = "gnu17 gnu++20";
				PRODUCT_BUNDLE_IDENTIFIER = com.cr4zy.MobileDevelopmentKit;
				PRODUCT_NAME = "$(TARGET_NAME:c99extidentifier)";
				SKIP_INSTALL = YES;
				STRING_CATALOG_GENERATE_SYMBOLS = YES;
				SUPPORTED_PLATFORMS = "iphoneos iphonesimulator";
				SUPPORTS_MACCATALYST = NO;
				SUPPORTS_MAC_DESIGNED_FOR_IPHONE_IPAD = NO;
				SUPPORTS_XR_DESIGNED_FOR_IPHONE_IPAD = NO;
				SWIFT_EMIT_LOC_STRINGS = YES;
				SWIFT_VERSION = 6.0;
				TARGETED_DEVICE_FAMILY = "1,2";
				VERSIONING_SYSTEM = "apple-generic";
				VERSION_INFO_PREFIX = "";
			};
			name = Release;
		};
		86DCC2652FA5209600973169 /* Debug */ = {
			isa = XCBuildConfiguration;
			buildSettings = {
				CLANG_ENABLE_MODULES = YES;
				CODE_SIGN_IDENTITY = "Apple Development";
				CODE_SIGN_STYLE = Automatic;
				CURRENT_PROJECT_VERSION = 1;
				DEFINES_MODULE = YES;
				DYLIB_COMPATIBILITY_VERSION = 1;
				DYLIB_CURRENT_VERSION = 1;
				DYLIB_INSTALL_NAME_BASE = "@rpath";
				ENABLE_MODULE_VERIFIER = YES;
				GENERATE_INFOPLIST_FILE = YES;
				INFOPLIST_KEY_NSHumanReadableCopyright = "";
				INSTALL_PATH = "$(LOCAL_LIBRARY_DIR)/Frameworks";
				IPHONEOS_DEPLOYMENT_TARGET = 16.0;
				LD_RUNPATH_SEARCH_PATHS = (
					"$(inherited)",
					"@executable_path/Frameworks",
					"@loader_path/Frameworks",
				);
				LIBRARY_SEARCH_PATHS = (
					"$(inherited)",
					"$(PROJECT_DIR)/CoreCompiler/CoreCompilerSupportLibs",
				);
				MARKETING_VERSION = 1.0;
				MODULE_VERIFIER_SUPPORTED_LANGUAGES = "objective-c objective-c++";
				MODULE_VERIFIER_SUPPORTED_LANGUAGE_STANDARDS = "gnu17 gnu++20";
				PRODUCT_BUNDLE_IDENTIFIER = com.cr4zy.CoreCompiler;
				PRODUCT_NAME = "$(TARGET_NAME:c99extidentifier)";
				SKIP_INSTALL = YES;
				STRING_CATALOG_GENERATE_SYMBOLS = YES;
				SUPPORTED_PLATFORMS = "iphoneos iphonesimulator";
				SUPPORTS_MACCATALYST = NO;
				SUPPORTS_MAC_DESIGNED_FOR_IPHONE_IPAD = NO;
				SUPPORTS_XR_DESIGNED_FOR_IPHONE_IPAD = NO;
				SWIFT_EMIT_LOC_STRINGS = YES;
				SWIFT_OPTIMIZATION_LEVEL = "-Onone";
				SWIFT_VERSION = 6.0;
				TARGETED_DEVICE_FAMILY = "1,2";
				VERSIONING_SYSTEM = "apple-generic";
				VERSION_INFO_PREFIX = "";
			};
			name = Debug;
		};
		86DCC2662FA5209600973169 /* Release */ = {
			isa = XCBuildConfiguration;
			buildSettings = {
				CLANG_ENABLE_MODULES = YES;
				CODE_SIGN_IDENTITY = "Apple Development";
				CODE_SIGN_STYLE = Automatic;
				CURRENT_PROJECT_VERSION = 1;
				DEFINES_MODULE = YES;
				DYLIB_COMPATIBILITY_VERSION = 1;
				DYLIB_CURRENT_VERSION = 1;
				DYLIB_INSTALL_NAME_BASE = "@rpath";
				ENABLE_MODULE_VERIFIER = YES;
				GENERATE_INFOPLIST_FILE = YES;
				INFOPLIST_KEY_NSHumanReadableCopyright = "";
				INSTALL_PATH = "$(LOCAL_LIBRARY_DIR)/Frameworks";
				IPHONEOS_DEPLOYMENT_TARGET = 16.0;
				LD_RUNPATH_SEARCH_PATHS = (
					"$(inherited)",
					"@executable_path/Frameworks",
					"@loader_path/Frameworks",
				);
				LIBRARY_SEARCH_PATHS = (
					"$(inherited)",
					"$(PROJECT_DIR)/CoreCompiler/CoreCompilerSupportLibs",
				);
				MARKETING_VERSION = 1.0;
				MODULE_VERIFIER_SUPPORTED_LANGUAGES = "objective-c objective-c++";
				MODULE_VERIFIER_SUPPORTED_LANGUAGE_STANDARDS = "gnu17 gnu++20";
				PRODUCT_BUNDLE_IDENTIFIER = com.cr4zy.CoreCompiler;
				PRODUCT_NAME = "$(TARGET_NAME:c99extidentifier)";
				SKIP_INSTALL = YES;
				STRING_CATALOG_GENERATE_SYMBOLS = YES;
				SUPPORTED_PLATFORMS = "iphoneos iphonesimulator";
				SUPPORTS_MACCATALYST = NO;
				SUPPORTS_MAC_DESIGNED_FOR_IPHONE_IPAD = NO;
				SUPPORTS_XR_DESIGNED_FOR_IPHONE_IPAD = NO;
				SWIFT_EMIT_LOC_STRINGS = YES;
				SWIFT_VERSION = 6.0;
				TARGETED_DEVICE_FAMILY = "1,2";
				VERSIONING_SYSTEM = "apple-generic";
				VERSION_INFO_PREFIX = "";
			};
			name = Release;
		};
		AF9916E52DC8C42400DDF895 /* Debug */ = {
			isa = XCBuildConfiguration;
			baseConfigurationReference = 79277DC02EE8752800F18B30 /* Config.xcconfig */;
			buildSettings = {
				ALWAYS_SEARCH_USER_PATHS = NO;
				ASSETCATALOG_COMPILER_GENERATE_SWIFT_ASSET_SYMBOL_EXTENSIONS = YES;
				CLANG_ANALYZER_NONNULL = YES;
				CLANG_ANALYZER_NUMBER_OBJECT_CONVERSION = YES_AGGRESSIVE;
				CLANG_CXX_LANGUAGE_STANDARD = "gnu++20";
				CLANG_ENABLE_MODULES = YES;
				CLANG_ENABLE_OBJC_ARC = YES;
				CLANG_ENABLE_OBJC_WEAK = YES;
				CLANG_WARN_BLOCK_CAPTURE_AUTORELEASING = YES;
				CLANG_WARN_BOOL_CONVERSION = YES;
				CLANG_WARN_COMMA = YES;
				CLANG_WARN_CONSTANT_CONVERSION = YES;
				CLANG_WARN_DEPRECATED_OBJC_IMPLEMENTATIONS = YES;
				CLANG_WARN_DIRECT_OBJC_ISA_USAGE = YES_ERROR;
				CLANG_WARN_DOCUMENTATION_COMMENTS = YES;
				CLANG_WARN_EMPTY_BODY = YES;
				CLANG_WARN_ENUM_CONVERSION = YES;
				CLANG_WARN_INFINITE_RECURSION = YES;
				CLANG_WARN_INT_CONVERSION = YES;
				CLANG_WARN_NON_LITERAL_NULL_CONVERSION = YES;
				CLANG_WARN_OBJC_IMPLICIT_RETAIN_SELF = YES;
				CLANG_WARN_OBJC_LITERAL_CONVERSION = YES;
				CLANG_WARN_OBJC_ROOT_CLASS = YES_ERROR;
				CLANG_WARN_QUOTED_INCLUDE_IN_FRAMEWORK_HEADER = YES;
				CLANG_WARN_RANGE_LOOP_ANALYSIS = YES;
				CLANG_WARN_STRICT_PROTOTYPES = YES;
				CLANG_WARN_SUSPICIOUS_MOVE = YES;
				CLANG_WARN_UNGUARDED_AVAILABILITY = YES_AGGRESSIVE;
				CLANG_WARN_UNREACHABLE_CODE = YES;
				CLANG_WARN__DUPLICATE_METHOD_MATCH = YES;
				COPY_PHASE_STRIP = NO;
				DEBUG_INFORMATION_FORMAT = dwarf;
				ENABLE_STRICT_OBJC_MSGSEND = YES;
				ENABLE_TESTABILITY = YES;
				ENABLE_USER_SCRIPT_SANDBOXING = YES;
				EXCLUDED_ARCHS = "";
				GCC_C_LANGUAGE_STANDARD = gnu17;
				GCC_DYNAMIC_NO_PIC = NO;
				GCC_NO_COMMON_BLOCKS = YES;
				GCC_OPTIMIZATION_LEVEL = 0;
				GCC_PREPROCESSOR_DEFINITIONS = (
					"DEBUG=1",
					"$(inherited)",
				);
				GCC_WARN_64_TO_32_BIT_CONVERSION = YES;
				GCC_WARN_ABOUT_RETURN_TYPE = YES_ERROR;
				GCC_WARN_UNDECLARED_SELECTOR = YES;
				GCC_WARN_UNINITIALIZED_AUTOS = YES_AGGRESSIVE;
				GCC_WARN_UNUSED_FUNCTION = YES;
				GCC_WARN_UNUSED_VARIABLE = YES;
				IPHONEOS_DEPLOYMENT_TARGET = 14.0;
				LOCALIZATION_PREFERS_STRING_CATALOGS = YES;
				MTL_ENABLE_DEBUG_INFO = INCLUDE_SOURCE;
				MTL_FAST_MATH = YES;
				ONLY_ACTIVE_ARCH = YES;
				OTHER_CFLAGS = "";
				SDKROOT = iphoneos;
				STRING_CATALOG_GENERATE_SYMBOLS = YES;
				SWIFT_ACTIVE_COMPILATION_CONDITIONS = "DEBUG $(inherited)";
				SWIFT_OPTIMIZATION_LEVEL = "-Onone";
			};
			name = Debug;
		};
		AF9916E62DC8C42400DDF895 /* Release */ = {
			isa = XCBuildConfiguration;
			baseConfigurationReference = 79277DC02EE8752800F18B30 /* Config.xcconfig */;
			buildSettings = {
				ALWAYS_SEARCH_USER_PATHS = NO;
				ASSETCATALOG_COMPILER_GENERATE_SWIFT_ASSET_SYMBOL_EXTENSIONS = YES;
				CLANG_ANALYZER_NONNULL = YES;
				CLANG_ANALYZER_NUMBER_OBJECT_CONVERSION = YES_AGGRESSIVE;
				CLANG_CXX_LANGUAGE_STANDARD = "gnu++20";
				CLANG_ENABLE_MODULES = YES;
				CLANG_ENABLE_OBJC_ARC = YES;
				CLANG_ENABLE_OBJC_WEAK = YES;
				CLANG_WARN_BLOCK_CAPTURE_AUTORELEASING = YES;
				CLANG_WARN_BOOL_CONVERSION = YES;
				CLANG_WARN_COMMA = YES;
				CLANG_WARN_CONSTANT_CONVERSION = YES;
				CLANG_WARN_DEPRECATED_OBJC_IMPLEMENTATIONS = YES;
				CLANG_WARN_DIRECT_OBJC_ISA_USAGE = YES_ERROR;
				CLANG_WARN_DOCUMENTATION_COMMENTS = YES;
				CLANG_WARN_EMPTY_BODY = YES;
				CLANG_WARN_ENUM_CONVERSION = YES;
				CLANG_WARN_INFINITE_RECURSION = YES;
				CLANG_WARN_INT_CONVERSION = YES;
				CLANG_WARN_NON_LITERAL_NULL_CONVERSION = YES;
				CLANG_WARN_OBJC_IMPLICIT_RETAIN_SELF = YES;
				CLANG_WARN_OBJC_LITERAL_CONVERSION = YES;
				CLANG_WARN_OBJC_ROOT_CLASS = YES_ERROR;
				CLANG_WARN_QUOTED_INCLUDE_IN_FRAMEWORK_HEADER = YES;
				CLANG_WARN_RANGE_LOOP_ANALYSIS = YES;
				CLANG_WARN_STRICT_PROTOTYPES = YES;
				CLANG_WARN_SUSPICIOUS_MOVE = YES;
				CLANG_WARN_UNGUARDED_AVAILABILITY = YES_AGGRESSIVE;
				CLANG_WARN_UNREACHABLE_CODE = YES;
				CLANG_WARN__DUPLICATE_METHOD_MATCH = YES;
				COPY_PHASE_STRIP = NO;
				DEBUG_INFORMATION_FORMAT = "dwarf-with-dsym";
				ENABLE_NS_ASSERTIONS = NO;
				ENABLE_STRICT_OBJC_MSGSEND = YES;
				ENABLE_USER_SCRIPT_SANDBOXING = YES;
				EXCLUDED_ARCHS = "";
				GCC_C_LANGUAGE_STANDARD = gnu17;
				GCC_NO_COMMON_BLOCKS = YES;
				GCC_WARN_64_TO_32_BIT_CONVERSION = YES;
				GCC_WARN_ABOUT_RETURN_TYPE = YES_ERROR;
				GCC_WARN_UNDECLARED_SELECTOR = YES;
				GCC_WARN_UNINITIALIZED_AUTOS = YES_AGGRESSIVE;
				GCC_WARN_UNUSED_FUNCTION = YES;
				GCC_WARN_UNUSED_VARIABLE = YES;
				IPHONEOS_DEPLOYMENT_TARGET = 14.0;
				LOCALIZATION_PREFERS_STRING_CATALOGS = YES;
				MTL_ENABLE_DEBUG_INFO = NO;
				MTL_FAST_MATH = YES;
				OTHER_CFLAGS = "";
				SDKROOT = iphoneos;
				STRING_CATALOG_GENERATE_SYMBOLS = YES;
				SWIFT_COMPILATION_MODE = wholemodule;
				VALIDATE_PRODUCT = YES;
			};
			name = Release;
		};
		AF9916E82DC8C42400DDF895 /* Debug */ = {
			isa = XCBuildConfiguration;
			baseConfigurationReference = 79277DC02EE8752800F18B30 /* Config.xcconfig */;
			buildSettings = {
				ASSETCATALOG_COMPILER_ALTERNATE_APPICON_NAMES = "AppIcon Nyxian Drawn Nyxcat Nyxcat2 Nyxcat3";
				ASSETCATALOG_COMPILER_APPICON_NAME = AppIcon;
				ASSETCATALOG_COMPILER_GLOBAL_ACCENT_COLOR_NAME = AccentColor;
				CODE_SIGN_ENTITLEMENTS = "$(NYXIAN_CODE_SIGN_ENTITLEMENTS)";
				CODE_SIGN_IDENTITY = "Apple Development";
				CODE_SIGN_STYLE = Automatic;
				CURRENT_PROJECT_VERSION = "$(BUILD_NUMBER)";
				DEAD_CODE_STRIPPING = NO;
				DEVELOPMENT_ASSET_PATHS = "\"Nyxian/Preview Content\"";
				ENABLE_ENHANCED_SECURITY = NO;
				ENABLE_PREVIEWS = YES;
				FRAMEWORK_SEARCH_PATHS = (
					"$(inherited)",
					"$(PROJECT_DIR)/Nyxian/LindChain",
					"$(PROJECT_DIR)/Nyxian/LindChain/Private/Frameworks",
				);
				GCC_SYMBOLS_PRIVATE_EXTERN = NO;
				GENERATE_INFOPLIST_FILE = YES;
				HEADER_SEARCH_PATHS = (
					Nyxian/,
					LiveProcess/,
				);
				INFOPLIST_FILE = Info.plist;
				INFOPLIST_KEY_CFBundleDisplayName = emexDE;
				INFOPLIST_KEY_GCSupportsControllerUserInteraction = NO;
				INFOPLIST_KEY_GCSupportsGameMode = NO;
				INFOPLIST_KEY_LSApplicationCategoryType = "public.app-category.developer-tools";
				INFOPLIST_KEY_LSSupportsOpeningDocumentsInPlace = YES;
				INFOPLIST_KEY_NFCReaderUsageDescription = "The guest app is requesting for this permission.";
				INFOPLIST_KEY_NSAppleEventsUsageDescription = "The guest app is requesting for this permission.";
				INFOPLIST_KEY_NSAppleMusicUsageDescription = "The guest app is requesting for this permission.";
				INFOPLIST_KEY_NSBluetoothAlwaysUsageDescription = "The guest app is requesting for this permission.";
				INFOPLIST_KEY_NSBluetoothPeripheralUsageDescription = "The guest app is requesting for this permission.";
				INFOPLIST_KEY_NSBluetoothWhileInUseUsageDescription = "The guest app is requesting for this permission.";
				INFOPLIST_KEY_NSCalendarsUsageDescription = "The guest app is requesting for this permission.";
				INFOPLIST_KEY_NSCameraUsageDescription = "The guest app is requesting for this permission.";
				INFOPLIST_KEY_NSContactsUsageDescription = "The guest app is requesting for this permission.";
				INFOPLIST_KEY_NSDesktopFolderUsageDescription = "The guest app is requesting for this permission.";
				INFOPLIST_KEY_NSDocumentsFolderUsageDescription = "The guest app is requesting for this permission.";
				INFOPLIST_KEY_NSDownloadsFolderUsageDescription = "The guest app is requesting for this permission.";
				INFOPLIST_KEY_NSFaceIDUsageDescription = "The guest app is requesting for this permission.";
				INFOPLIST_KEY_NSFallDetectionUsageDescription = "The guest app is requesting for this permission.";
				INFOPLIST_KEY_NSFileProviderDomainUsageDescription = "The guest app is requesting for this permission.";
				INFOPLIST_KEY_NSFileProviderPresenceUsageDescription = "The guest app is requesting for this permission.";
				INFOPLIST_KEY_NSFocusStatusUsageDescription = "The guest app is requesting for this permission.";
				INFOPLIST_KEY_NSGKFriendListUsageDescription = "The guest app is requesting for this permission.";
				INFOPLIST_KEY_NSHealthClinicalHealthRecordsShareUsageDescription = "The guest app is requesting for this permission.";
				INFOPLIST_KEY_NSHealthShareUsageDescription = "The guest app is requesting for this permission.";
				INFOPLIST_KEY_NSHealthUpdateUsageDescription = "The guest app is requesting for this permission.";
				INFOPLIST_KEY_NSHomeKitUsageDescription = "The guest app is requesting for this permission.";
				INFOPLIST_KEY_NSIdentityUsageDescription = "The guest app is requesting for this permission.";
				INFOPLIST_KEY_NSLocalNetworkUsageDescription = "The guest app is requesting for this permission.";
				INFOPLIST_KEY_NSLocationAlwaysAndWhenInUseUsageDescription = "The guest app is requesting for this permission.";
				INFOPLIST_KEY_NSLocationAlwaysUsageDescription = "The guest app is requesting for this permission.";
				INFOPLIST_KEY_NSLocationTemporaryUsageDescriptionDictionary = "The guest app is requesting for this permission.";
				INFOPLIST_KEY_NSLocationUsageDescription = "The guest app is requesting for this permission.";
				INFOPLIST_KEY_NSLocationWhenInUseUsageDescription = "The guest app is requesting for this permission.";
				INFOPLIST_KEY_NSMicrophoneUsageDescription = "The guest app is requesting for this permission.";
				INFOPLIST_KEY_NSMotionUsageDescription = "The guest app is requesting for this permission.";
				INFOPLIST_KEY_NSNearbyInteractionAllowOnceUsageDescription = "The guest app is requesting for this permission.";
				INFOPLIST_KEY_NSNearbyInteractionUsageDescription = "The guest app is requesting for this permission.";
				INFOPLIST_KEY_NSNetworkVolumesUsageDescription = "The guest app is requesting for this permission.";
				INFOPLIST_KEY_NSPhotoLibraryAddUsageDescription = "The guest app is requesting for this permission.";
				INFOPLIST_KEY_NSPhotoLibraryUsageDescription = "The guest app is requesting for this permission.";
				INFOPLIST_KEY_NSRemindersUsageDescription = "The guest app is requesting for this permission.";
				INFOPLIST_KEY_NSRemovableVolumesUsageDescription = "The guest app is requesting for this permission.";
				INFOPLIST_KEY_NSSensorKitPrivacyPolicyURL = "The guest app is requesting for this permission.";
				INFOPLIST_KEY_NSSensorKitUsageDescription = "The guest app is requesting for this permission.";
				INFOPLIST_KEY_NSSiriUsageDescription = "The guest app is requesting for this permission.";
				INFOPLIST_KEY_NSSpeechRecognitionUsageDescription = "The guest app is requesting for this permission.";
				INFOPLIST_KEY_NSSystemAdministrationUsageDescription = "The guest app is requesting for this permission.";
				INFOPLIST_KEY_NSSystemExtensionUsageDescription = "The guest app is requesting for this permission.";
				INFOPLIST_KEY_NSUserTrackingUsageDescription = "The guest app is requesting for this permission.";
				INFOPLIST_KEY_NSVideoSubscriberAccountUsageDescription = "The guest app is requesting for this permission.";
				INFOPLIST_KEY_NSVoIPUsageDescription = "The guest app is requesting for this permission.";
				INFOPLIST_KEY_OSBundleUsageDescription = "The guest app is requesting for this permission.";
				INFOPLIST_KEY_UIApplicationSupportsIndirectInputEvents = NO;
				INFOPLIST_KEY_UILaunchScreen_Generation = YES;
				INFOPLIST_KEY_UILaunchStoryboardName = "";
				INFOPLIST_KEY_UIRequiresFullScreen = YES;
				INFOPLIST_KEY_UISupportedInterfaceOrientations = UIInterfaceOrientationPortrait;
				INFOPLIST_KEY_UISupportedInterfaceOrientations_iPad = "UIInterfaceOrientationLandscapeLeft UIInterfaceOrientationLandscapeRight UIInterfaceOrientationPortrait UIInterfaceOrientationPortraitUpsideDown";
				INFOPLIST_KEY_UISupportsDocumentBrowser = NO;
				IPHONEOS_DEPLOYMENT_TARGET = 16.0;
				LD_RUNPATH_SEARCH_PATHS = (
					"$(inherited)",
					"@executable_path/Frameworks",
				);
				LIBRARY_SEARCH_PATHS = (
					"$(inherited)",
					"$(PROJECT_DIR)/Nyxian",
					"$(PROJECT_DIR)/Nyxian/LindChain/Synpush",
					"$(PROJECT_DIR)/Nyxian/LindChain",
					"$(PROJECT_DIR)/Nyxian/LindChain/JBSupport",
					"$(PROJECT_DIR)/Nyxian/LindChain/CoreCompilerSupportLibs",
					"$(PROJECT_DIR)/Nyxian/LindChain/CoreCompilerSupportLibs/CoreCompilerSupportLibs",
				);
				MARKETING_VERSION = "$(VERSION)";
				OTHER_CFLAGS = "-DHOST_ENV";
				OTHER_LDFLAGS = "";
				PRODUCT_BUNDLE_IDENTIFIER = "$(NYXIAN_PRODUCT_BUNDLE_IDENTIFIER)";
				PRODUCT_NAME = "$(TARGET_NAME)";
				PROVISIONING_PROFILE_SPECIFIER = "";
				SUPPORTED_PLATFORMS = "iphoneos iphonesimulator";
				SUPPORTS_MACCATALYST = NO;
				SUPPORTS_MAC_DESIGNED_FOR_IPHONE_IPAD = NO;
				SUPPORTS_XR_DESIGNED_FOR_IPHONE_IPAD = NO;
				SWIFT_EMIT_LOC_STRINGS = YES;
				SWIFT_OBJC_BRIDGING_HEADER = Nyxian/bridge.h;
				SWIFT_VERSION = 5.0;
				TARGETED_DEVICE_FAMILY = "1,2";
			};
			name = Debug;
		};
		AF9916E92DC8C42400DDF895 /* Release */ = {
			isa = XCBuildConfiguration;
			baseConfigurationReference = 79277DC02EE8752800F18B30 /* Config.xcconfig */;
			buildSettings = {
				ASSETCATALOG_COMPILER_ALTERNATE_APPICON_NAMES = "AppIcon Nyxian Drawn Nyxcat Nyxcat2 Nyxcat3";
				ASSETCATALOG_COMPILER_APPICON_NAME = AppIcon;
				ASSETCATALOG_COMPILER_GLOBAL_ACCENT_COLOR_NAME = AccentColor;
				CODE_SIGN_ENTITLEMENTS = "$(NYXIAN_CODE_SIGN_ENTITLEMENTS)";
				CODE_SIGN_IDENTITY = "Apple Development";
				CODE_SIGN_STYLE = Automatic;
				CURRENT_PROJECT_VERSION = "$(BUILD_NUMBER)";
				DEAD_CODE_STRIPPING = NO;
				DEVELOPMENT_ASSET_PATHS = "\"Nyxian/Preview Content\"";
				ENABLE_ENHANCED_SECURITY = NO;
				ENABLE_PREVIEWS = YES;
				FRAMEWORK_SEARCH_PATHS = (
					"$(inherited)",
					"$(PROJECT_DIR)/Nyxian/LindChain",
					"$(PROJECT_DIR)/Nyxian/LindChain/Private/Frameworks",
				);
				GCC_OPTIMIZATION_LEVEL = s;
				GCC_SYMBOLS_PRIVATE_EXTERN = NO;
				GENERATE_INFOPLIST_FILE = YES;
				HEADER_SEARCH_PATHS = (
					Nyxian/,
					LiveProcess/,
				);
				INFOPLIST_FILE = Info.plist;
				INFOPLIST_KEY_CFBundleDisplayName = emexDE;
				INFOPLIST_KEY_GCSupportsControllerUserInteraction = NO;
				INFOPLIST_KEY_GCSupportsGameMode = NO;
				INFOPLIST_KEY_LSApplicationCategoryType = "public.app-category.developer-tools";
				INFOPLIST_KEY_LSSupportsOpeningDocumentsInPlace = YES;
				INFOPLIST_KEY_NFCReaderUsageDescription = "The guest app is requesting for this permission.";
				INFOPLIST_KEY_NSAppleEventsUsageDescription = "The guest app is requesting for this permission.";
				INFOPLIST_KEY_NSAppleMusicUsageDescription = "The guest app is requesting for this permission.";
				INFOPLIST_KEY_NSBluetoothAlwaysUsageDescription = "The guest app is requesting for this permission.";
				INFOPLIST_KEY_NSBluetoothPeripheralUsageDescription = "The guest app is requesting for this permission.";
				INFOPLIST_KEY_NSBluetoothWhileInUseUsageDescription = "The guest app is requesting for this permission.";
				INFOPLIST_KEY_NSCalendarsUsageDescription = "The guest app is requesting for this permission.";
				INFOPLIST_KEY_NSCameraUsageDescription = "The guest app is requesting for this permission.";
				INFOPLIST_KEY_NSContactsUsageDescription = "The guest app is requesting for this permission.";
				INFOPLIST_KEY_NSDesktopFolderUsageDescription = "The guest app is requesting for this permission.";
				INFOPLIST_KEY_NSDocumentsFolderUsageDescription = "The guest app is requesting for this permission.";
				INFOPLIST_KEY_NSDownloadsFolderUsageDescription = "The guest app is requesting for this permission.";
				INFOPLIST_KEY_NSFaceIDUsageDescription = "The guest app is requesting for this permission.";
				INFOPLIST_KEY_NSFallDetectionUsageDescription = "The guest app is requesting for this permission.";
				INFOPLIST_KEY_NSFileProviderDomainUsageDescription = "The guest app is requesting for this permission.";
				INFOPLIST_KEY_NSFileProviderPresenceUsageDescription = "The guest app is requesting for this permission.";
				INFOPLIST_KEY_NSFocusStatusUsageDescription = "The guest app is requesting for this permission.";
				INFOPLIST_KEY_NSGKFriendListUsageDescription = "The guest app is requesting for this permission.";
				INFOPLIST_KEY_NSHealthClinicalHealthRecordsShareUsageDescription = "The guest app is requesting for this permission.";
				INFOPLIST_KEY_NSHealthShareUsageDescription = "The guest app is requesting for this permission.";
				INFOPLIST_KEY_NSHealthUpdateUsageDescription = "The guest app is requesting for this permission.";
				INFOPLIST_KEY_NSHomeKitUsageDescription = "The guest app is requesting for this permission.";
				INFOPLIST_KEY_NSIdentityUsageDescription = "The guest app is requesting for this permission.";
				INFOPLIST_KEY_NSLocalNetworkUsageDescription = "The guest app is requesting for this permission.";
				INFOPLIST_KEY_NSLocationAlwaysAndWhenInUseUsageDescription = "The guest app is requesting for this permission.";
				INFOPLIST_KEY_NSLocationAlwaysUsageDescription = "The guest app is requesting for this permission.";
				INFOPLIST_KEY_NSLocationTemporaryUsageDescriptionDictionary = "The guest app is requesting for this permission.";
				INFOPLIST_KEY_NSLocationUsageDescription = "The guest app is requesting for this permission.";
				INFOPLIST_KEY_NSLocationWhenInUseUsageDescription = "The guest app is requesting for this permission.";
				INFOPLIST_KEY_NSMicrophoneUsageDescription = "The guest app is requesting for this permission.";
				INFOPLIST_KEY_NSMotionUsageDescription = "The guest app is requesting for this permission.";
				INFOPLIST_KEY_NSNearbyInteractionAllowOnceUsageDescription = "The guest app is requesting for this permission.";
				INFOPLIST_KEY_NSNearbyInteractionUsageDescription = "The guest app is requesting for this permission.";
				INFOPLIST_KEY_NSNetworkVolumesUsageDescription = "The guest app is requesting for this permission.";
				INFOPLIST_KEY_NSPhotoLibraryAddUsageDescription = "The guest app is requesting for this permission.";
				INFOPLIST_KEY_NSPhotoLibraryUsageDescription = "The guest app is requesting for this permission.";
				INFOPLIST_KEY_NSRemindersUsageDescription = "The guest app is requesting for this permission.";
				INFOPLIST_KEY_NSRemovableVolumesUsageDescription = "The guest app is requesting for this permission.";
				INFOPLIST_KEY_NSSensorKitPrivacyPolicyURL = "The guest app is requesting for this permission.";
				INFOPLIST_KEY_NSSensorKitUsageDescription = "The guest app is requesting for this permission.";
				INFOPLIST_KEY_NSSiriUsageDescription = "The guest app is requesting for this permission.";
				INFOPLIST_KEY_NSSpeechRecognitionUsageDescription = "The guest app is requesting for this permission.";
				INFOPLIST_KEY_NSSystemAdministrationUsageDescription = "The guest app is requesting for this permission.";
				INFOPLIST_KEY_NSSystemExtensionUsageDescription = "The guest app is requesting for this permission.";
				INFOPLIST_KEY_NSUserTrackingUsageDescription = "The guest app is requesting for this permission.";
				INFOPLIST_KEY_NSVideoSubscriberAccountUsageDescription = "The guest app is requesting for this permission.";
				INFOPLIST_KEY_NSVoIPUsageDescription = "The guest app is requesting for this permission.";
				INFOPLIST_KEY_OSBundleUsageDescription = "The guest app is requesting for this permission.";
				INFOPLIST_KEY_UIApplicationSupportsIndirectInputEvents = NO;
				INFOPLIST_KEY_UILaunchScreen_Generation = YES;
				INFOPLIST_KEY_UILaunchStoryboardName = "";
				INFOPLIST_KEY_UIRequiresFullScreen = YES;
				INFOPLIST_KEY_UISupportedInterfaceOrientations = UIInterfaceOrientationPortrait;
				INFOPLIST_KEY_UISupportedInterfaceOrientations_iPad = "UIInterfaceOrientationLandscapeLeft UIInterfaceOrientationLandscapeRight UIInterfaceOrientationPortrait UIInterfaceOrientationPortraitUpsideDown";
				INFOPLIST_KEY_UISupportsDocumentBrowser = NO;
				IPHONEOS_DEPLOYMENT_TARGET = 16.0;
				LD_RUNPATH_SEARCH_PATHS = (
					"$(inherited)",
					"@executable_path/Frameworks",
				);
				LIBRARY_SEARCH_PATHS = (
					"$(inherited)",
					"$(PROJECT_DIR)/Nyxian",
					"$(PROJECT_DIR)/Nyxian/LindChain/Synpush",
					"$(PROJECT_DIR)/Nyxian/LindChain",
					"$(PROJECT_DIR)/Nyxian/LindChain/JBSupport",
					"$(PROJECT_DIR)/Nyxian/LindChain/CoreCompilerSupportLibs",
					"$(PROJECT_DIR)/Nyxian/LindChain/CoreCompilerSupportLibs/CoreCompilerSupportLibs",
				);
				MARKETING_VERSION = "$(VERSION)";
				ONLY_ACTIVE_ARCH = YES;
				OTHER_CFLAGS = "-DHOST_ENV";
				OTHER_LDFLAGS = "";
				PRODUCT_BUNDLE_IDENTIFIER = "$(NYXIAN_PRODUCT_BUNDLE_IDENTIFIER)";
				PRODUCT_NAME = "$(TARGET_NAME)";
				PROVISIONING_PROFILE_SPECIFIER = "";
				SUPPORTED_PLATFORMS = "iphoneos iphonesimulator";
				SUPPORTS_MACCATALYST = NO;
				SUPPORTS_MAC_DESIGNED_FOR_IPHONE_IPAD = NO;
				SUPPORTS_XR_DESIGNED_FOR_IPHONE_IPAD = NO;
				SWIFT_EMIT_LOC_STRINGS = YES;
				SWIFT_OBJC_BRIDGING_HEADER = Nyxian/bridge.h;
				SWIFT_VERSION = 5.0;
				TARGETED_DEVICE_FAMILY = "1,2";
				VALIDATE_PRODUCT = NO;
			};
			name = Release;
		};
/* End XCBuildConfiguration section */

/* Begin XCConfigurationList section */
		79AA11C02F7FFE24002FEAF2 /* Build configuration list for PBXNativeTarget "nxtool" */ = {
			isa = XCConfigurationList;
			buildConfigurations = (
				79AA11C12F7FFE24002FEAF2 /* Debug */,
				79AA11C22F7FFE24002FEAF2 /* Release */,
			);
			defaultConfigurationIsVisible = 0;
			defaultConfigurationName = Release;
		};
		79BF98062E6291EE00C60D4C /* Build configuration list for PBXNativeTarget "LiveProcess" */ = {
			isa = XCConfigurationList;
			buildConfigurations = (
				79BF98072E6291EE00C60D4C /* Debug */,
				79BF98082E6291EE00C60D4C /* Release */,
			);
			defaultConfigurationIsVisible = 0;
			defaultConfigurationName = Release;
		};
		860D917F2FAE1F95000D321B /* Build configuration list for PBXNativeTarget "MobileDevelopmentKit" */ = {
			isa = XCConfigurationList;
			buildConfigurations = (
				860D91802FAE1F95000D321B /* Debug */,
				860D91812FAE1F95000D321B /* Release */,
			);
			defaultConfigurationIsVisible = 0;
			defaultConfigurationName = Release;
		};
		86DCC2642FA5209600973169 /* Build configuration list for PBXNativeTarget "CoreCompiler" */ = {
			isa = XCConfigurationList;
			buildConfigurations = (
				86DCC2652FA5209600973169 /* Debug */,
				86DCC2662FA5209600973169 /* Release */,
			);
			defaultConfigurationIsVisible = 0;
			defaultConfigurationName = Release;
		};
		AF9916D42DC8C42200DDF895 /* Build configuration list for PBXProject "Nyxian" */ = {
			isa = XCConfigurationList;
			buildConfigurations = (
				AF9916E52DC8C42400DDF895 /* Debug */,
				AF9916E62DC8C42400DDF895 /* Release */,
			);
			defaultConfigurationIsVisible = 0;
			defaultConfigurationName = Release;
		};
		AF9916E72DC8C42400DDF895 /* Build configuration list for PBXNativeTarget "emexDE" */ = {
			isa = XCConfigurationList;
			buildConfigurations = (
				AF9916E82DC8C42400DDF895 /* Debug */,
				AF9916E92DC8C42400DDF895 /* Release */,
			);
			defaultConfigurationIsVisible = 0;
			defaultConfigurationName = Release;
		};
/* End XCConfigurationList section */

/* Begin XCRemoteSwiftPackageReference section */
		793A7E4E2EB599690044418E /* XCRemoteSwiftPackageReference "SwiftTerm" */ = {
			isa = XCRemoteSwiftPackageReference;
			repositoryURL = "https://github.com/migueldeicaza/SwiftTerm";
			requirement = {
				kind = exactVersion;
				version = 1.13.0;
			};
		};
		79AF510D2F1CBD110055004A /* XCRemoteSwiftPackageReference "tree-sitter-objc" */ = {
			isa = XCRemoteSwiftPackageReference;
			repositoryURL = "https://github.com/tree-sitter-grammars/tree-sitter-objc.git";
			requirement = {
				branch = master;
				kind = branch;
			};
		};
		79AF510F2F1CBD110055004A /* XCRemoteSwiftPackageReference "tree-sitter-c" */ = {
			isa = XCRemoteSwiftPackageReference;
			repositoryURL = "https://github.com/tree-sitter/tree-sitter-c.git";
			requirement = {
				kind = upToNextMajorVersion;
				minimumVersion = 0.16.1;
			};
		};
		79AF51112F1CBD110055004A /* XCRemoteSwiftPackageReference "Runestone" */ = {
			isa = XCRemoteSwiftPackageReference;
			repositoryURL = "https://github.com/simonbs/Runestone.git";
			requirement = {
				branch = main;
				kind = branch;
			};
		};
		79AF51132F1CBD110055004A /* XCRemoteSwiftPackageReference "tree-sitter-xml" */ = {
			isa = XCRemoteSwiftPackageReference;
			repositoryURL = "https://github.com/tree-sitter-grammars/tree-sitter-xml.git";
			requirement = {
				branch = master;
				kind = branch;
			};
		};
		79AF51152F1CBD110055004A /* XCRemoteSwiftPackageReference "SwiftTerm" */ = {
			isa = XCRemoteSwiftPackageReference;
			repositoryURL = "https://github.com/migueldeicaza/SwiftTerm";
			requirement = {
				kind = upToNextMajorVersion;
				minimumVersion = 1.5.0;
			};
		};
		79B708BA2F73157F000F38E7 /* XCRemoteSwiftPackageReference "tree-sitter-cpp" */ = {
			isa = XCRemoteSwiftPackageReference;
			repositoryURL = "https://github.com/tree-sitter/tree-sitter-cpp.git";
			requirement = {
				kind = exactVersion;
				version = 0.23.4;
			};
		};
		8630CBB32FABE19200C6EE6D /* XCRemoteSwiftPackageReference "UIOnboarding" */ = {
			isa = XCRemoteSwiftPackageReference;
			repositoryURL = "https://github.com/lascic/UIOnboarding.git";
			requirement = {
				kind = upToNextMajorVersion;
				minimumVersion = 2.0.5;
			};
		};
		86E4D4F22FB8CF32008BFE4D /* XCRemoteSwiftPackageReference "Runestone" */ = {
			isa = XCRemoteSwiftPackageReference;
			repositoryURL = "https://github.com/emexlab/Runestone";
			requirement = {
				kind = exactVersion;
				version = 0.0.2;
			};
		};
		86E4D4F52FB8CF63008BFE4D /* XCRemoteSwiftPackageReference "tree-sitter-swift" */ = {
			isa = XCRemoteSwiftPackageReference;
			repositoryURL = "https://github.com/emexlab/tree-sitter-swift";
			requirement = {
				branch = main;
				kind = branch;
			};
		};
		AF9919562DC9175A00DDF895 /* XCRemoteSwiftPackageReference "tree-sitter-objc" */ = {
			isa = XCRemoteSwiftPackageReference;
			repositoryURL = "https://github.com/tree-sitter-grammars/tree-sitter-objc.git";
			requirement = {
				branch = master;
				kind = branch;
			};
		};
		AF9919592DC9176900DDF895 /* XCRemoteSwiftPackageReference "tree-sitter-c" */ = {
			isa = XCRemoteSwiftPackageReference;
			repositoryURL = "https://github.com/tree-sitter/tree-sitter-c.git";
			requirement = {
				kind = exactVersion;
				version = 0.20.2;
			};
		};
		AFF4E3472DCCCE0F00B1B5F9 /* XCRemoteSwiftPackageReference "tree-sitter-xml" */ = {
			isa = XCRemoteSwiftPackageReference;
			repositoryURL = "https://github.com/tree-sitter-grammars/tree-sitter-xml.git";
			requirement = {
				branch = master;
				kind = branch;
			};
		};
/* End XCRemoteSwiftPackageReference section */

/* Begin XCSwiftPackageProductDependency section */
		791C96042F8726B0006AF674 /* Runestone */ = {
			isa = XCSwiftPackageProductDependency;
			productName = Runestone;
		};
		793A4E3A2F84FE1D003B609A /* Runestone */ = {
			isa = XCSwiftPackageProductDependency;
			productName = Runestone;
		};
		793A7E4F2EB5996A0044418E /* SwiftTerm */ = {
			isa = XCSwiftPackageProductDependency;
			package = 793A7E4E2EB599690044418E /* XCRemoteSwiftPackageReference "SwiftTerm" */;
			productName = SwiftTerm;
		};
		79AF510C2F1CBD110055004A /* TreeSitterObjc */ = {
			isa = XCSwiftPackageProductDependency;
			package = 79AF510D2F1CBD110055004A /* XCRemoteSwiftPackageReference "tree-sitter-objc" */;
			productName = TreeSitterObjc;
		};
		79AF510E2F1CBD110055004A /* TreeSitterC */ = {
			isa = XCSwiftPackageProductDependency;
			package = 79AF510F2F1CBD110055004A /* XCRemoteSwiftPackageReference "tree-sitter-c" */;
			productName = TreeSitterC;
		};
		79AF51102F1CBD110055004A /* Runestone */ = {
			isa = XCSwiftPackageProductDependency;
			package = 79AF51112F1CBD110055004A /* XCRemoteSwiftPackageReference "Runestone" */;
			productName = Runestone;
		};
		79AF51122F1CBD110055004A /* TreeSitterXML */ = {
			isa = XCSwiftPackageProductDependency;
			package = 79AF51132F1CBD110055004A /* XCRemoteSwiftPackageReference "tree-sitter-xml" */;
			productName = TreeSitterXML;
		};
		79AF51142F1CBD110055004A /* SwiftTerm */ = {
			isa = XCSwiftPackageProductDependency;
			package = 79AF51152F1CBD110055004A /* XCRemoteSwiftPackageReference "SwiftTerm" */;
			productName = SwiftTerm;
		};
		79B708BB2F73157F000F38E7 /* TreeSitterCPP */ = {
			isa = XCSwiftPackageProductDependency;
			package = 79B708BA2F73157F000F38E7 /* XCRemoteSwiftPackageReference "tree-sitter-cpp" */;
			productName = TreeSitterCPP;
		};
		79B708BD2F731590000F38E7 /* TreeSitterCPP */ = {
			isa = XCSwiftPackageProductDependency;
			package = 79B708BA2F73157F000F38E7 /* XCRemoteSwiftPackageReference "tree-sitter-cpp" */;
			productName = TreeSitterCPP;
		};
		79B70C1B2F73223A000F38E7 /* Runestone */ = {
			isa = XCSwiftPackageProductDependency;
			productName = Runestone;
		};
		79B70C1E2F732364000F38E7 /* Runestone */ = {
			isa = XCSwiftPackageProductDependency;
			productName = Runestone;
		};
		79D1DA662F92A6CE0020518A /* TreeSitterSwift */ = {
			isa = XCSwiftPackageProductDependency;
			productName = TreeSitterSwift;
		};
		8630CBB42FABE19200C6EE6D /* UIOnboarding */ = {
			isa = XCSwiftPackageProductDependency;
			package = 8630CBB32FABE19200C6EE6D /* XCRemoteSwiftPackageReference "UIOnboarding" */;
			productName = UIOnboarding;
		};
		8630CBB62FABE19E00C6EE6D /* UIOnboarding */ = {
			isa = XCSwiftPackageProductDependency;
			package = 8630CBB32FABE19200C6EE6D /* XCRemoteSwiftPackageReference "UIOnboarding" */;
			productName = UIOnboarding;
		};
		86E4D4F32FB8CF32008BFE4D /* Runestone */ = {
			isa = XCSwiftPackageProductDependency;
			package = 86E4D4F22FB8CF32008BFE4D /* XCRemoteSwiftPackageReference "Runestone" */;
			productName = Runestone;
		};
		86E4D4F62FB8CF63008BFE4D /* TreeSitterSwift */ = {
			isa = XCSwiftPackageProductDependency;
			package = 86E4D4F52FB8CF63008BFE4D /* XCRemoteSwiftPackageReference "tree-sitter-swift" */;
			productName = TreeSitterSwift;
		};
		86E4D4F82FB8CF70008BFE4D /* TreeSitterSwift */ = {
			isa = XCSwiftPackageProductDependency;
			package = 86E4D4F52FB8CF63008BFE4D /* XCRemoteSwiftPackageReference "tree-sitter-swift" */;
			productName = TreeSitterSwift;
		};
		AF9919572DC9175A00DDF895 /* TreeSitterObjc */ = {
			isa = XCSwiftPackageProductDependency;
			package = AF9919562DC9175A00DDF895 /* XCRemoteSwiftPackageReference "tree-sitter-objc" */;
			productName = TreeSitterObjc;
		};
		AF99195A2DC9176900DDF895 /* TreeSitterC */ = {
			isa = XCSwiftPackageProductDependency;
			package = AF9919592DC9176900DDF895 /* XCRemoteSwiftPackageReference "tree-sitter-c" */;
			productName = TreeSitterC;
		};
		AFF4E3482DCCCE0F00B1B5F9 /* TreeSitterXML */ = {
			isa = XCSwiftPackageProductDependency;
			package = AFF4E3472DCCCE0F00B1B5F9 /* XCRemoteSwiftPackageReference "tree-sitter-xml" */;
			productName = TreeSitterXML;
		};
/* End XCSwiftPackageProductDependency section */
	};
	rootObject = AF9916D12DC8C42200DDF895 /* Project object */;
}
